// !$*UTF8*$!
{
	archiveVersion = 1;
	classes = {
	};
	objectVersion = 56;
	objects = {

/* Begin PBXBuildFile section */
		9619DC732A59E634006D479C /* CoreDataViewModel.swift in Sources */ = {isa = PBXBuildFile; fileRef = 9619DC722A59E634006D479C /* CoreDataViewModel.swift */; };
		964D0BB729DF3EFE008ED31C /* Roboto-Light.ttf in Resources */ = {isa = PBXBuildFile; fileRef = 964D0BB129DF3EFE008ED31C /* Roboto-Light.ttf */; };
		964D0BB829DF3EFE008ED31C /* Roboto-Medium.ttf in Resources */ = {isa = PBXBuildFile; fileRef = 964D0BB229DF3EFE008ED31C /* Roboto-Medium.ttf */; };
		964D0BB929DF3EFE008ED31C /* Roboto-Thin.ttf in Resources */ = {isa = PBXBuildFile; fileRef = 964D0BB329DF3EFE008ED31C /* Roboto-Thin.ttf */; };
		964D0BBA29DF3EFE008ED31C /* Roboto-Black.ttf in Resources */ = {isa = PBXBuildFile; fileRef = 964D0BB429DF3EFE008ED31C /* Roboto-Black.ttf */; };
		964D0BBB29DF3EFE008ED31C /* Roboto-Bold.ttf in Resources */ = {isa = PBXBuildFile; fileRef = 964D0BB529DF3EFE008ED31C /* Roboto-Bold.ttf */; };
		964D0BBC29DF3EFE008ED31C /* Roboto-Regular.ttf in Resources */ = {isa = PBXBuildFile; fileRef = 964D0BB629DF3EFE008ED31C /* Roboto-Regular.ttf */; };
		964D0BBE29E00C95008ED31C /* ContentItemRowView.swift in Sources */ = {isa = PBXBuildFile; fileRef = 964D0BBD29E00C95008ED31C /* ContentItemRowView.swift */; };
		964D719429E1A254006155B0 /* FileModel.swift in Sources */ = {isa = PBXBuildFile; fileRef = 964D719329E1A254006155B0 /* FileModel.swift */; };
		964D719929F5C89E006155B0 /* UrlViewModel.swift in Sources */ = {isa = PBXBuildFile; fileRef = 964D719829F5C89E006155B0 /* UrlViewModel.swift */; };
		9660490329B1E75A00F64E55 /* DataController.swift in Sources */ = {isa = PBXBuildFile; fileRef = 9660490229B1E75A00F64E55 /* DataController.swift */; };
		9660490629B1E7A600F64E55 /* KittDataModel.xcdatamodeld in Sources */ = {isa = PBXBuildFile; fileRef = 9660490429B1E7A600F64E55 /* KittDataModel.xcdatamodeld */; };
		9660490D29B217AC00F64E55 /* ParagraphModel.swift in Sources */ = {isa = PBXBuildFile; fileRef = 9660490C29B217AC00F64E55 /* ParagraphModel.swift */; };
		9660492729B2476E00F64E55 /* MainView.swift in Sources */ = {isa = PBXBuildFile; fileRef = 9660492629B2476E00F64E55 /* MainView.swift */; };
		9660492929B247B600F64E55 /* FavoritesView.swift in Sources */ = {isa = PBXBuildFile; fileRef = 9660492829B247B600F64E55 /* FavoritesView.swift */; };
		9660492B29B463B400F64E55 /* FilterModel.swift in Sources */ = {isa = PBXBuildFile; fileRef = 9660492A29B463B400F64E55 /* FilterModel.swift */; };
		9660492D29B4648500F64E55 /* FilterViewModel.swift in Sources */ = {isa = PBXBuildFile; fileRef = 9660492C29B4648500F64E55 /* FilterViewModel.swift */; };
		9660492F29B5308000F64E55 /* FiltersList.swift in Sources */ = {isa = PBXBuildFile; fileRef = 9660492E29B5308000F64E55 /* FiltersList.swift */; };
		9660493629B53E7700F64E55 /* LaunchScreen.storyboard in Resources */ = {isa = PBXBuildFile; fileRef = 9660493529B53E7700F64E55 /* LaunchScreen.storyboard */; };
		967ACB252A56049000BD3B35 /* P3.webp in Resources */ = {isa = PBXBuildFile; fileRef = 967ACB1D2A56049000BD3B35 /* P3.webp */; };
		967ACB262A56049000BD3B35 /* P8.webp in Resources */ = {isa = PBXBuildFile; fileRef = 967ACB1E2A56049000BD3B35 /* P8.webp */; };
		967ACB272A56049000BD3B35 /* P6.webp in Resources */ = {isa = PBXBuildFile; fileRef = 967ACB1F2A56049000BD3B35 /* P6.webp */; };
		967ACB282A56049000BD3B35 /* P2.webp in Resources */ = {isa = PBXBuildFile; fileRef = 967ACB202A56049000BD3B35 /* P2.webp */; };
		967ACB292A56049000BD3B35 /* P7.webp in Resources */ = {isa = PBXBuildFile; fileRef = 967ACB212A56049000BD3B35 /* P7.webp */; };
		967ACB2A2A56049000BD3B35 /* P1.webp in Resources */ = {isa = PBXBuildFile; fileRef = 967ACB222A56049000BD3B35 /* P1.webp */; };
		967ACB2B2A56049000BD3B35 /* P5.webp in Resources */ = {isa = PBXBuildFile; fileRef = 967ACB232A56049000BD3B35 /* P5.webp */; };
		967ACB2C2A56049000BD3B35 /* P4.webp in Resources */ = {isa = PBXBuildFile; fileRef = 967ACB242A56049000BD3B35 /* P4.webp */; };
		967ACB552A561B6900BD3B35 /* B9.webp in Resources */ = {isa = PBXBuildFile; fileRef = 967ACB2D2A561B6800BD3B35 /* B9.webp */; };
		967ACB562A561B6900BD3B35 /* B23a.webp in Resources */ = {isa = PBXBuildFile; fileRef = 967ACB2E2A561B6800BD3B35 /* B23a.webp */; };
		967ACB572A561B6900BD3B35 /* B19.webp in Resources */ = {isa = PBXBuildFile; fileRef = 967ACB2F2A561B6800BD3B35 /* B19.webp */; };
		967ACB582A561B6900BD3B35 /* B22b.webp in Resources */ = {isa = PBXBuildFile; fileRef = 967ACB302A561B6800BD3B35 /* B22b.webp */; };
		967ACB592A561B6900BD3B35 /* B13.webp in Resources */ = {isa = PBXBuildFile; fileRef = 967ACB312A561B6800BD3B35 /* B13.webp */; };
		967ACB5A2A561B6900BD3B35 /* B33.webp in Resources */ = {isa = PBXBuildFile; fileRef = 967ACB322A561B6800BD3B35 /* B33.webp */; };
		967ACB5B2A561B6900BD3B35 /* B20b.webp in Resources */ = {isa = PBXBuildFile; fileRef = 967ACB332A561B6800BD3B35 /* B20b.webp */; };
		967ACB5C2A561B6900BD3B35 /* B15.webp in Resources */ = {isa = PBXBuildFile; fileRef = 967ACB342A561B6800BD3B35 /* B15.webp */; };
		967ACB5D2A561B6900BD3B35 /* B3.webp in Resources */ = {isa = PBXBuildFile; fileRef = 967ACB352A561B6800BD3B35 /* B3.webp */; };
		967ACB5E2A561B6900BD3B35 /* B6.webp in Resources */ = {isa = PBXBuildFile; fileRef = 967ACB362A561B6800BD3B35 /* B6.webp */; };
		967ACB5F2A561B6900BD3B35 /* B21a.webp in Resources */ = {isa = PBXBuildFile; fileRef = 967ACB372A561B6800BD3B35 /* B21a.webp */; };
		967ACB602A561B6900BD3B35 /* B27.webp in Resources */ = {isa = PBXBuildFile; fileRef = 967ACB382A561B6800BD3B35 /* B27.webp */; };
		967ACB612A561B6900BD3B35 /* B22a.webp in Resources */ = {isa = PBXBuildFile; fileRef = 967ACB392A561B6800BD3B35 /* B22a.webp */; };
		967ACB622A561B6900BD3B35 /* B28.webp in Resources */ = {isa = PBXBuildFile; fileRef = 967ACB3A2A561B6800BD3B35 /* B28.webp */; };
		967ACB632A561B6900BD3B35 /* B21b.webp in Resources */ = {isa = PBXBuildFile; fileRef = 967ACB3B2A561B6800BD3B35 /* B21b.webp */; };
		967ACB642A561B6900BD3B35 /* B23b.webp in Resources */ = {isa = PBXBuildFile; fileRef = 967ACB3C2A561B6800BD3B35 /* B23b.webp */; };
		967ACB652A561B6900BD3B35 /* B16.webp in Resources */ = {isa = PBXBuildFile; fileRef = 967ACB3D2A561B6800BD3B35 /* B16.webp */; };
		967ACB662A561B6900BD3B35 /* B32.webp in Resources */ = {isa = PBXBuildFile; fileRef = 967ACB3E2A561B6800BD3B35 /* B32.webp */; };
		967ACB672A561B6900BD3B35 /* B30a.webp in Resources */ = {isa = PBXBuildFile; fileRef = 967ACB3F2A561B6800BD3B35 /* B30a.webp */; };
		967ACB682A561B6900BD3B35 /* B25.webp in Resources */ = {isa = PBXBuildFile; fileRef = 967ACB402A561B6800BD3B35 /* B25.webp */; };
		967ACB692A561B6900BD3B35 /* B31.webp in Resources */ = {isa = PBXBuildFile; fileRef = 967ACB412A561B6800BD3B35 /* B31.webp */; };
		967ACB6A2A561B6900BD3B35 /* B1.webp in Resources */ = {isa = PBXBuildFile; fileRef = 967ACB422A561B6800BD3B35 /* B1.webp */; };
		967ACB6B2A561B6900BD3B35 /* B11.webp in Resources */ = {isa = PBXBuildFile; fileRef = 967ACB432A561B6800BD3B35 /* B11.webp */; };
		967ACB6C2A561B6900BD3B35 /* B7.webp in Resources */ = {isa = PBXBuildFile; fileRef = 967ACB442A561B6800BD3B35 /* B7.webp */; };
		967ACB6D2A561B6900BD3B35 /* B18.webp in Resources */ = {isa = PBXBuildFile; fileRef = 967ACB452A561B6800BD3B35 /* B18.webp */; };
		967ACB6E2A561B6900BD3B35 /* B20a.webp in Resources */ = {isa = PBXBuildFile; fileRef = 967ACB462A561B6800BD3B35 /* B20a.webp */; };
		967ACB6F2A561B6900BD3B35 /* B4.webp in Resources */ = {isa = PBXBuildFile; fileRef = 967ACB472A561B6800BD3B35 /* B4.webp */; };
		967ACB702A561B6900BD3B35 /* B8.webp in Resources */ = {isa = PBXBuildFile; fileRef = 967ACB482A561B6800BD3B35 /* B8.webp */; };
		967ACB712A561B6900BD3B35 /* B24b.webp in Resources */ = {isa = PBXBuildFile; fileRef = 967ACB492A561B6800BD3B35 /* B24b.webp */; };
		967ACB722A561B6900BD3B35 /* B29.webp in Resources */ = {isa = PBXBuildFile; fileRef = 967ACB4A2A561B6800BD3B35 /* B29.webp */; };
		967ACB732A561B6900BD3B35 /* B17.webp in Resources */ = {isa = PBXBuildFile; fileRef = 967ACB4B2A561B6800BD3B35 /* B17.webp */; };
		967ACB742A561B6900BD3B35 /* B26.webp in Resources */ = {isa = PBXBuildFile; fileRef = 967ACB4C2A561B6800BD3B35 /* B26.webp */; };
		967ACB752A561B6900BD3B35 /* B14.webp in Resources */ = {isa = PBXBuildFile; fileRef = 967ACB4D2A561B6800BD3B35 /* B14.webp */; };
		967ACB762A561B6900BD3B35 /* B30.webp in Resources */ = {isa = PBXBuildFile; fileRef = 967ACB4E2A561B6800BD3B35 /* B30.webp */; };
		967ACB772A561B6900BD3B35 /* B34.webp in Resources */ = {isa = PBXBuildFile; fileRef = 967ACB4F2A561B6800BD3B35 /* B34.webp */; };
		967ACB782A561B6900BD3B35 /* B24a.webp in Resources */ = {isa = PBXBuildFile; fileRef = 967ACB502A561B6800BD3B35 /* B24a.webp */; };
		967ACB792A561B6900BD3B35 /* B12.webp in Resources */ = {isa = PBXBuildFile; fileRef = 967ACB512A561B6800BD3B35 /* B12.webp */; };
		967ACB7A2A561B6900BD3B35 /* B10.webp in Resources */ = {isa = PBXBuildFile; fileRef = 967ACB522A561B6900BD3B35 /* B10.webp */; };
		967ACB7B2A561B6900BD3B35 /* B2.webp in Resources */ = {isa = PBXBuildFile; fileRef = 967ACB532A561B6900BD3B35 /* B2.webp */; };
		967ACB7C2A561B6900BD3B35 /* B5.webp in Resources */ = {isa = PBXBuildFile; fileRef = 967ACB542A561B6900BD3B35 /* B5.webp */; };
		967ACB9F2A5621CF00BD3B35 /* C2c.webp in Resources */ = {isa = PBXBuildFile; fileRef = 967ACB7D2A5621CE00BD3B35 /* C2c.webp */; };
		967ACBA02A5621CF00BD3B35 /* C13b.webp in Resources */ = {isa = PBXBuildFile; fileRef = 967ACB7E2A5621CE00BD3B35 /* C13b.webp */; };
		967ACBA12A5621CF00BD3B35 /* C4b.webp in Resources */ = {isa = PBXBuildFile; fileRef = 967ACB7F2A5621CE00BD3B35 /* C4b.webp */; };
		967ACBA22A5621CF00BD3B35 /* C4c.webp in Resources */ = {isa = PBXBuildFile; fileRef = 967ACB802A5621CE00BD3B35 /* C4c.webp */; };
		967ACBA32A5621CF00BD3B35 /* C3b.webp in Resources */ = {isa = PBXBuildFile; fileRef = 967ACB812A5621CE00BD3B35 /* C3b.webp */; };
		967ACBA42A5621CF00BD3B35 /* C2f.webp in Resources */ = {isa = PBXBuildFile; fileRef = 967ACB822A5621CE00BD3B35 /* C2f.webp */; };
		967ACBA52A5621CF00BD3B35 /* C13a.webp in Resources */ = {isa = PBXBuildFile; fileRef = 967ACB832A5621CE00BD3B35 /* C13a.webp */; };
		967ACBA62A5621CF00BD3B35 /* C10a.webp in Resources */ = {isa = PBXBuildFile; fileRef = 967ACB842A5621CE00BD3B35 /* C10a.webp */; };
		967ACBA72A5621CF00BD3B35 /* C4a.webp in Resources */ = {isa = PBXBuildFile; fileRef = 967ACB852A5621CE00BD3B35 /* C4a.webp */; };
		967ACBA82A5621CF00BD3B35 /* C8a.webp in Resources */ = {isa = PBXBuildFile; fileRef = 967ACB862A5621CE00BD3B35 /* C8a.webp */; };
		967ACBA92A5621CF00BD3B35 /* C11a.webp in Resources */ = {isa = PBXBuildFile; fileRef = 967ACB872A5621CE00BD3B35 /* C11a.webp */; };
		967ACBAA2A5621CF00BD3B35 /* C6b.webp in Resources */ = {isa = PBXBuildFile; fileRef = 967ACB882A5621CE00BD3B35 /* C6b.webp */; };
		967ACBAB2A5621CF00BD3B35 /* C15b.webp in Resources */ = {isa = PBXBuildFile; fileRef = 967ACB892A5621CE00BD3B35 /* C15b.webp */; };
		967ACBAC2A5621CF00BD3B35 /* C9a.webp in Resources */ = {isa = PBXBuildFile; fileRef = 967ACB8A2A5621CE00BD3B35 /* C9a.webp */; };
		967ACBAD2A5621CF00BD3B35 /* C7b.webp in Resources */ = {isa = PBXBuildFile; fileRef = 967ACB8B2A5621CE00BD3B35 /* C7b.webp */; };
		967ACBAE2A5621CF00BD3B35 /* C3a.webp in Resources */ = {isa = PBXBuildFile; fileRef = 967ACB8C2A5621CE00BD3B35 /* C3a.webp */; };
		967ACBAF2A5621CF00BD3B35 /* C12b.webp in Resources */ = {isa = PBXBuildFile; fileRef = 967ACB8D2A5621CE00BD3B35 /* C12b.webp */; };
		967ACBB02A5621CF00BD3B35 /* C2b.webp in Resources */ = {isa = PBXBuildFile; fileRef = 967ACB8E2A5621CF00BD3B35 /* C2b.webp */; };
		967ACBB12A5621CF00BD3B35 /* C5b.webp in Resources */ = {isa = PBXBuildFile; fileRef = 967ACB8F2A5621CF00BD3B35 /* C5b.webp */; };
		967ACBB22A5621CF00BD3B35 /* C14a.webp in Resources */ = {isa = PBXBuildFile; fileRef = 967ACB902A5621CF00BD3B35 /* C14a.webp */; };
		967ACBB32A5621CF00BD3B35 /* C7a.webp in Resources */ = {isa = PBXBuildFile; fileRef = 967ACB912A5621CF00BD3B35 /* C7a.webp */; };
		967ACBB42A5621CF00BD3B35 /* C15a.webp in Resources */ = {isa = PBXBuildFile; fileRef = 967ACB922A5621CF00BD3B35 /* C15a.webp */; };
		967ACBB52A5621CF00BD3B35 /* C1.webp in Resources */ = {isa = PBXBuildFile; fileRef = 967ACB932A5621CF00BD3B35 /* C1.webp */; };
		967ACBB62A5621CF00BD3B35 /* C6a.webp in Resources */ = {isa = PBXBuildFile; fileRef = 967ACB942A5621CF00BD3B35 /* C6a.webp */; };
		967ACBB72A5621CF00BD3B35 /* C10b.webp in Resources */ = {isa = PBXBuildFile; fileRef = 967ACB952A5621CF00BD3B35 /* C10b.webp */; };
		967ACBB82A5621CF00BD3B35 /* C14b.webp in Resources */ = {isa = PBXBuildFile; fileRef = 967ACB962A5621CF00BD3B35 /* C14b.webp */; };
		967ACBB92A5621CF00BD3B35 /* C2e.webp in Resources */ = {isa = PBXBuildFile; fileRef = 967ACB972A5621CF00BD3B35 /* C2e.webp */; };
		967ACBBA2A5621CF00BD3B35 /* C2d.webp in Resources */ = {isa = PBXBuildFile; fileRef = 967ACB982A5621CF00BD3B35 /* C2d.webp */; };
		967ACBBB2A5621CF00BD3B35 /* C8b.webp in Resources */ = {isa = PBXBuildFile; fileRef = 967ACB992A5621CF00BD3B35 /* C8b.webp */; };
		967ACBBC2A5621CF00BD3B35 /* C12a.webp in Resources */ = {isa = PBXBuildFile; fileRef = 967ACB9A2A5621CF00BD3B35 /* C12a.webp */; };
		967ACBBD2A5621CF00BD3B35 /* C5a.webp in Resources */ = {isa = PBXBuildFile; fileRef = 967ACB9B2A5621CF00BD3B35 /* C5a.webp */; };
		967ACBBE2A5621CF00BD3B35 /* C11b.webp in Resources */ = {isa = PBXBuildFile; fileRef = 967ACB9C2A5621CF00BD3B35 /* C11b.webp */; };
		967ACBBF2A5621CF00BD3B35 /* C9b.webp in Resources */ = {isa = PBXBuildFile; fileRef = 967ACB9D2A5621CF00BD3B35 /* C9b.webp */; };
		967ACBC02A5621CF00BD3B35 /* C2a.webp in Resources */ = {isa = PBXBuildFile; fileRef = 967ACB9E2A5621CF00BD3B35 /* C2a.webp */; };
		96847B832A5BEE9D0033D336 /* ToolsView.swift in Sources */ = {isa = PBXBuildFile; fileRef = 96847B822A5BEE9D0033D336 /* ToolsView.swift */; };
		96847B862A5BEED40033D336 /* SchengenCalculatorView.swift in Sources */ = {isa = PBXBuildFile; fileRef = 96847B852A5BEED40033D336 /* SchengenCalculatorView.swift */; };
		96847B892A5E90CE0033D336 /* RecentListView.swift in Sources */ = {isa = PBXBuildFile; fileRef = 96847B882A5E90CE0033D336 /* RecentListView.swift */; };
		96847B8B2A5E92A80033D336 /* RecentViewModel.swift in Sources */ = {isa = PBXBuildFile; fileRef = 96847B8A2A5E92A80033D336 /* RecentViewModel.swift */; };
		96847B8D2A5EB3BA0033D336 /* RecentItemModel.swift in Sources */ = {isa = PBXBuildFile; fileRef = 96847B8C2A5EB3BA0033D336 /* RecentItemModel.swift */; };
		96847B902A5F0FFF0033D336 /* GuideView.swift in Sources */ = {isa = PBXBuildFile; fileRef = 96847B8F2A5F0FFF0033D336 /* GuideView.swift */; };
		96847B942A6034150033D336 /* GuideViewModel.swift in Sources */ = {isa = PBXBuildFile; fileRef = 96847B932A6034150033D336 /* GuideViewModel.swift */; };
		9696388D29D4757F009365C5 /* SubGroupListView.swift in Sources */ = {isa = PBXBuildFile; fileRef = 9696388C29D4757F009365C5 /* SubGroupListView.swift */; };
		969638A329D4861D009365C5 /* ContentItem+CoreDataClass.swift in Sources */ = {isa = PBXBuildFile; fileRef = 9696389F29D4861D009365C5 /* ContentItem+CoreDataClass.swift */; };
		969638A429D4861D009365C5 /* ContentItem+CoreDataProperties.swift in Sources */ = {isa = PBXBuildFile; fileRef = 969638A029D4861D009365C5 /* ContentItem+CoreDataProperties.swift */; };
		969638A829D48969009365C5 /* ItemModel.swift in Sources */ = {isa = PBXBuildFile; fileRef = 969638A729D48969009365C5 /* ItemModel.swift */; };
		969638AB29D490A9009365C5 /* Group+CoreDataClass.swift in Sources */ = {isa = PBXBuildFile; fileRef = 969638A929D490A9009365C5 /* Group+CoreDataClass.swift */; };
		969638AC29D490A9009365C5 /* Group+CoreDataProperties.swift in Sources */ = {isa = PBXBuildFile; fileRef = 969638AA29D490A9009365C5 /* Group+CoreDataProperties.swift */; };
		969638AE29D6C580009365C5 /* ContentItemView.swift in Sources */ = {isa = PBXBuildFile; fileRef = 969638AD29D6C580009365C5 /* ContentItemView.swift */; };
		96965E6F29B63AA30094520F /* SettingsModel.swift in Sources */ = {isa = PBXBuildFile; fileRef = 96965E6E29B63AA30094520F /* SettingsModel.swift */; };
		96965E7329B7EC5F0094520F /* SettingsView.swift in Sources */ = {isa = PBXBuildFile; fileRef = 96965E7229B7EC5F0094520F /* SettingsView.swift */; };
		96965E8329B8A3660094520F /* MailView.swift in Sources */ = {isa = PBXBuildFile; fileRef = 96965E8229B8A3660094520F /* MailView.swift */; };
		96965E8529B8A4860094520F /* SettingsController.swift in Sources */ = {isa = PBXBuildFile; fileRef = 96965E8429B8A4860094520F /* SettingsController.swift */; };
		96965E9729B8C51C0094520F /* VersionController.swift in Sources */ = {isa = PBXBuildFile; fileRef = 96965E9629B8C51C0094520F /* VersionController.swift */; };
		96965E9929B8CAA90094520F /* VersionModel.swift in Sources */ = {isa = PBXBuildFile; fileRef = 96965E9829B8CAA90094520F /* VersionModel.swift */; };
		96965E9C29B8CB830094520F /* Version+CoreDataClass.swift in Sources */ = {isa = PBXBuildFile; fileRef = 96965E9A29B8CB830094520F /* Version+CoreDataClass.swift */; };
		96965E9D29B8CB830094520F /* Version+CoreDataProperties.swift in Sources */ = {isa = PBXBuildFile; fileRef = 96965E9B29B8CB830094520F /* Version+CoreDataProperties.swift */; };
		96965E9F29B8CD090094520F /* NewsView.swift in Sources */ = {isa = PBXBuildFile; fileRef = 96965E9E29B8CD090094520F /* NewsView.swift */; };
		96965EA129BB680F0094520F /* NetworkController.swift in Sources */ = {isa = PBXBuildFile; fileRef = 96965EA029BB680F0094520F /* NetworkController.swift */; };
		96965EA329BB8D890094520F /* CustomBadgeView.swift in Sources */ = {isa = PBXBuildFile; fileRef = 96965EA229BB8D890094520F /* CustomBadgeView.swift */; };
		96965EBF29BCFB560094520F /* CatchYourCriminalView.swift in Sources */ = {isa = PBXBuildFile; fileRef = 96965EBE29BCFB560094520F /* CatchYourCriminalView.swift */; };
		96965EC229BE768C0094520F /* CYCMenuView.swift in Sources */ = {isa = PBXBuildFile; fileRef = 96965EC129BE768C0094520F /* CYCMenuView.swift */; };
		969A636A2A5537C600A7D378 /* A1a.webp in Resources */ = {isa = PBXBuildFile; fileRef = 969A63692A5537C600A7D378 /* A1a.webp */; };
		969A63952A5537D900A7D378 /* A12b.webp in Resources */ = {isa = PBXBuildFile; fileRef = 969A636B2A5537D800A7D378 /* A12b.webp */; };
		969A63962A5537D900A7D378 /* A26.webp in Resources */ = {isa = PBXBuildFile; fileRef = 969A636C2A5537D800A7D378 /* A26.webp */; };
		969A63972A5537D900A7D378 /* A13.webp in Resources */ = {isa = PBXBuildFile; fileRef = 969A636D2A5537D800A7D378 /* A13.webp */; };
		969A63982A5537D900A7D378 /* A16.webp in Resources */ = {isa = PBXBuildFile; fileRef = 969A636E2A5537D800A7D378 /* A16.webp */; };
		969A63992A5537D900A7D378 /* A28.webp in Resources */ = {isa = PBXBuildFile; fileRef = 969A636F2A5537D800A7D378 /* A28.webp */; };
		969A639A2A5537D900A7D378 /* A7b.webp in Resources */ = {isa = PBXBuildFile; fileRef = 969A63702A5537D800A7D378 /* A7b.webp */; };
		969A639B2A5537D900A7D378 /* A18.webp in Resources */ = {isa = PBXBuildFile; fileRef = 969A63712A5537D800A7D378 /* A18.webp */; };
		969A639C2A5537D900A7D378 /* A2b.webp in Resources */ = {isa = PBXBuildFile; fileRef = 969A63722A5537D800A7D378 /* A2b.webp */; };
		969A639D2A5537D900A7D378 /* A31a.webp in Resources */ = {isa = PBXBuildFile; fileRef = 969A63732A5537D800A7D378 /* A31a.webp */; };
		969A639E2A5537D900A7D378 /* A7a.webp in Resources */ = {isa = PBXBuildFile; fileRef = 969A63742A5537D800A7D378 /* A7a.webp */; };
		969A639F2A5537D900A7D378 /* A32b.webp in Resources */ = {isa = PBXBuildFile; fileRef = 969A63752A5537D800A7D378 /* A32b.webp */; };
		969A63A02A5537D900A7D378 /* A34.webp in Resources */ = {isa = PBXBuildFile; fileRef = 969A63762A5537D800A7D378 /* A34.webp */; };
		969A63A12A5537D900A7D378 /* A9.webp in Resources */ = {isa = PBXBuildFile; fileRef = 969A63772A5537D800A7D378 /* A9.webp */; };
		969A63A22A5537D900A7D378 /* A31c.webp in Resources */ = {isa = PBXBuildFile; fileRef = 969A63782A5537D800A7D378 /* A31c.webp */; };
		969A63A32A5537D900A7D378 /* A25.webp in Resources */ = {isa = PBXBuildFile; fileRef = 969A63792A5537D800A7D378 /* A25.webp */; };
		969A63A42A5537D900A7D378 /* A6b.webp in Resources */ = {isa = PBXBuildFile; fileRef = 969A637A2A5537D800A7D378 /* A6b.webp */; };
		969A63A52A5537D900A7D378 /* A21.webp in Resources */ = {isa = PBXBuildFile; fileRef = 969A637B2A5537D800A7D378 /* A21.webp */; };
		969A63A62A5537D900A7D378 /* A5b.webp in Resources */ = {isa = PBXBuildFile; fileRef = 969A637C2A5537D800A7D378 /* A5b.webp */; };
		969A63A72A5537D900A7D378 /* A5a.webp in Resources */ = {isa = PBXBuildFile; fileRef = 969A637D2A5537D800A7D378 /* A5a.webp */; };
		969A63A82A5537D900A7D378 /* A8.webp in Resources */ = {isa = PBXBuildFile; fileRef = 969A637E2A5537D800A7D378 /* A8.webp */; };
		969A63A92A5537D900A7D378 /* A19.webp in Resources */ = {isa = PBXBuildFile; fileRef = 969A637F2A5537D800A7D378 /* A19.webp */; };
		969A63AA2A5537D900A7D378 /* A29.webp in Resources */ = {isa = PBXBuildFile; fileRef = 969A63802A5537D800A7D378 /* A29.webp */; };
		969A63AB2A5537D900A7D378 /* A23.webp in Resources */ = {isa = PBXBuildFile; fileRef = 969A63812A5537D800A7D378 /* A23.webp */; };
		969A63AC2A5537D900A7D378 /* A14.webp in Resources */ = {isa = PBXBuildFile; fileRef = 969A63822A5537D800A7D378 /* A14.webp */; };
		969A63AD2A5537D900A7D378 /* A3.webp in Resources */ = {isa = PBXBuildFile; fileRef = 969A63832A5537D800A7D378 /* A3.webp */; };
		969A63AE2A5537D900A7D378 /* A1b.webp in Resources */ = {isa = PBXBuildFile; fileRef = 969A63842A5537D800A7D378 /* A1b.webp */; };
		969A63AF2A5537D900A7D378 /* A27.webp in Resources */ = {isa = PBXBuildFile; fileRef = 969A63852A5537D800A7D378 /* A27.webp */; };
		969A63B02A5537D900A7D378 /* A33.webp in Resources */ = {isa = PBXBuildFile; fileRef = 969A63862A5537D800A7D378 /* A33.webp */; };
		969A63B12A5537D900A7D378 /* A17.webp in Resources */ = {isa = PBXBuildFile; fileRef = 969A63872A5537D800A7D378 /* A17.webp */; };
		969A63B22A5537D900A7D378 /* A24.webp in Resources */ = {isa = PBXBuildFile; fileRef = 969A63882A5537D800A7D378 /* A24.webp */; };
		969A63B32A5537D900A7D378 /* A22.webp in Resources */ = {isa = PBXBuildFile; fileRef = 969A63892A5537D800A7D378 /* A22.webp */; };
		969A63B42A5537D900A7D378 /* A31b.webp in Resources */ = {isa = PBXBuildFile; fileRef = 969A638A2A5537D800A7D378 /* A31b.webp */; };
		969A63B52A5537D900A7D378 /* A32a.webp in Resources */ = {isa = PBXBuildFile; fileRef = 969A638B2A5537D800A7D378 /* A32a.webp */; };
		969A63B62A5537D900A7D378 /* A6a.webp in Resources */ = {isa = PBXBuildFile; fileRef = 969A638C2A5537D800A7D378 /* A6a.webp */; };
		969A63B72A5537D900A7D378 /* A15.webp in Resources */ = {isa = PBXBuildFile; fileRef = 969A638D2A5537D900A7D378 /* A15.webp */; };
		969A63B82A5537D900A7D378 /* A11.webp in Resources */ = {isa = PBXBuildFile; fileRef = 969A638E2A5537D900A7D378 /* A11.webp */; };
		969A63B92A5537D900A7D378 /* A4.webp in Resources */ = {isa = PBXBuildFile; fileRef = 969A638F2A5537D900A7D378 /* A4.webp */; };
		969A63BA2A5537D900A7D378 /* A12a.webp in Resources */ = {isa = PBXBuildFile; fileRef = 969A63902A5537D900A7D378 /* A12a.webp */; };
		969A63BB2A5537D900A7D378 /* A10.webp in Resources */ = {isa = PBXBuildFile; fileRef = 969A63912A5537D900A7D378 /* A10.webp */; };
		969A63BC2A5537D900A7D378 /* A30.webp in Resources */ = {isa = PBXBuildFile; fileRef = 969A63922A5537D900A7D378 /* A30.webp */; };
		969A63BD2A5537D900A7D378 /* A2a.webp in Resources */ = {isa = PBXBuildFile; fileRef = 969A63932A5537D900A7D378 /* A2a.webp */; };
		969A63BE2A5537D900A7D378 /* A20.webp in Resources */ = {isa = PBXBuildFile; fileRef = 969A63942A5537D900A7D378 /* A20.webp */; };
		969A63CE2A55EA5900A7D378 /* A12c.webp in Resources */ = {isa = PBXBuildFile; fileRef = 969A63CD2A55EA5900A7D378 /* A12c.webp */; };
		969F070829D745D30017FB99 /* SanctionModel.swift in Sources */ = {isa = PBXBuildFile; fileRef = 969F070729D745D30017FB99 /* SanctionModel.swift */; };
		969F070A29D74BFF0017FB99 /* LinkModel.swift in Sources */ = {isa = PBXBuildFile; fileRef = 969F070929D74BFF0017FB99 /* LinkModel.swift */; };
		969F070C29D7594E0017FB99 /* ContentModel.swift in Sources */ = {isa = PBXBuildFile; fileRef = 969F070B29D7594E0017FB99 /* ContentModel.swift */; };
		96A9EB2A29E1654600F10947 /* SubmenuView.swift in Sources */ = {isa = PBXBuildFile; fileRef = 96A9EB2929E1654600F10947 /* SubmenuView.swift */; };
		96D30B7629B1E18F0018F750 /* KITT_testAppApp.swift in Sources */ = {isa = PBXBuildFile; fileRef = 96D30B7529B1E18F0018F750 /* KITT_testAppApp.swift */; };
		96D30B7A29B1E1900018F750 /* Assets.xcassets in Resources */ = {isa = PBXBuildFile; fileRef = 96D30B7929B1E1900018F750 /* Assets.xcassets */; };
		96D30B7D29B1E1900018F750 /* Preview Assets.xcassets in Resources */ = {isa = PBXBuildFile; fileRef = 96D30B7C29B1E1900018F750 /* Preview Assets.xcassets */; };
		96D30B8529B1E1BC0018F750 /* LibraryView.swift in Sources */ = {isa = PBXBuildFile; fileRef = 96D30B8429B1E1BC0018F750 /* LibraryView.swift */; };
		96D30B8929B1E2230018F750 /* JsonDataController.swift in Sources */ = {isa = PBXBuildFile; fileRef = 96D30B8829B1E2230018F750 /* JsonDataController.swift */; };
/* End PBXBuildFile section */

/* Begin PBXFileReference section */
		9619DC722A59E634006D479C /* CoreDataViewModel.swift */ = {isa = PBXFileReference; lastKnownFileType = sourcecode.swift; path = CoreDataViewModel.swift; sourceTree = "<group>"; };
		964D0BB129DF3EFE008ED31C /* Roboto-Light.ttf */ = {isa = PBXFileReference; lastKnownFileType = file; path = "Roboto-Light.ttf"; sourceTree = "<group>"; };
		964D0BB229DF3EFE008ED31C /* Roboto-Medium.ttf */ = {isa = PBXFileReference; lastKnownFileType = file; path = "Roboto-Medium.ttf"; sourceTree = "<group>"; };
		964D0BB329DF3EFE008ED31C /* Roboto-Thin.ttf */ = {isa = PBXFileReference; lastKnownFileType = file; path = "Roboto-Thin.ttf"; sourceTree = "<group>"; };
		964D0BB429DF3EFE008ED31C /* Roboto-Black.ttf */ = {isa = PBXFileReference; lastKnownFileType = file; path = "Roboto-Black.ttf"; sourceTree = "<group>"; };
		964D0BB529DF3EFE008ED31C /* Roboto-Bold.ttf */ = {isa = PBXFileReference; lastKnownFileType = file; path = "Roboto-Bold.ttf"; sourceTree = "<group>"; };
		964D0BB629DF3EFE008ED31C /* Roboto-Regular.ttf */ = {isa = PBXFileReference; lastKnownFileType = file; path = "Roboto-Regular.ttf"; sourceTree = "<group>"; };
		964D0BBD29E00C95008ED31C /* ContentItemRowView.swift */ = {isa = PBXFileReference; lastKnownFileType = sourcecode.swift; path = ContentItemRowView.swift; sourceTree = "<group>"; };
		964D719329E1A254006155B0 /* FileModel.swift */ = {isa = PBXFileReference; lastKnownFileType = sourcecode.swift; path = FileModel.swift; sourceTree = "<group>"; };
		964D719829F5C89E006155B0 /* UrlViewModel.swift */ = {isa = PBXFileReference; lastKnownFileType = sourcecode.swift; path = UrlViewModel.swift; sourceTree = "<group>"; };
		9660490229B1E75A00F64E55 /* DataController.swift */ = {isa = PBXFileReference; lastKnownFileType = sourcecode.swift; path = DataController.swift; sourceTree = "<group>"; };
		9660490529B1E7A600F64E55 /* KittDataModel.xcdatamodel */ = {isa = PBXFileReference; lastKnownFileType = wrapper.xcdatamodel; path = KittDataModel.xcdatamodel; sourceTree = "<group>"; };
		9660490C29B217AC00F64E55 /* ParagraphModel.swift */ = {isa = PBXFileReference; lastKnownFileType = sourcecode.swift; path = ParagraphModel.swift; sourceTree = "<group>"; };
		9660492629B2476E00F64E55 /* MainView.swift */ = {isa = PBXFileReference; lastKnownFileType = sourcecode.swift; path = MainView.swift; sourceTree = "<group>"; };
		9660492829B247B600F64E55 /* FavoritesView.swift */ = {isa = PBXFileReference; lastKnownFileType = sourcecode.swift; path = FavoritesView.swift; sourceTree = "<group>"; };
		9660492A29B463B400F64E55 /* FilterModel.swift */ = {isa = PBXFileReference; lastKnownFileType = sourcecode.swift; path = FilterModel.swift; sourceTree = "<group>"; };
		9660492C29B4648500F64E55 /* FilterViewModel.swift */ = {isa = PBXFileReference; lastKnownFileType = sourcecode.swift; path = FilterViewModel.swift; sourceTree = "<group>"; };
		9660492E29B5308000F64E55 /* FiltersList.swift */ = {isa = PBXFileReference; lastKnownFileType = sourcecode.swift; path = FiltersList.swift; sourceTree = "<group>"; };
		9660493529B53E7700F64E55 /* LaunchScreen.storyboard */ = {isa = PBXFileReference; fileEncoding = 4; lastKnownFileType = file.storyboard; path = LaunchScreen.storyboard; sourceTree = "<group>"; };
		967ACB1D2A56049000BD3B35 /* P3.webp */ = {isa = PBXFileReference; lastKnownFileType = file; path = P3.webp; sourceTree = "<group>"; };
		967ACB1E2A56049000BD3B35 /* P8.webp */ = {isa = PBXFileReference; lastKnownFileType = file; path = P8.webp; sourceTree = "<group>"; };
		967ACB1F2A56049000BD3B35 /* P6.webp */ = {isa = PBXFileReference; lastKnownFileType = file; path = P6.webp; sourceTree = "<group>"; };
		967ACB202A56049000BD3B35 /* P2.webp */ = {isa = PBXFileReference; lastKnownFileType = file; path = P2.webp; sourceTree = "<group>"; };
		967ACB212A56049000BD3B35 /* P7.webp */ = {isa = PBXFileReference; lastKnownFileType = file; path = P7.webp; sourceTree = "<group>"; };
		967ACB222A56049000BD3B35 /* P1.webp */ = {isa = PBXFileReference; lastKnownFileType = file; path = P1.webp; sourceTree = "<group>"; };
		967ACB232A56049000BD3B35 /* P5.webp */ = {isa = PBXFileReference; lastKnownFileType = file; path = P5.webp; sourceTree = "<group>"; };
		967ACB242A56049000BD3B35 /* P4.webp */ = {isa = PBXFileReference; lastKnownFileType = file; path = P4.webp; sourceTree = "<group>"; };
		967ACB2D2A561B6800BD3B35 /* B9.webp */ = {isa = PBXFileReference; lastKnownFileType = file; path = B9.webp; sourceTree = "<group>"; };
		967ACB2E2A561B6800BD3B35 /* B23a.webp */ = {isa = PBXFileReference; lastKnownFileType = file; path = B23a.webp; sourceTree = "<group>"; };
		967ACB2F2A561B6800BD3B35 /* B19.webp */ = {isa = PBXFileReference; lastKnownFileType = file; path = B19.webp; sourceTree = "<group>"; };
		967ACB302A561B6800BD3B35 /* B22b.webp */ = {isa = PBXFileReference; lastKnownFileType = file; path = B22b.webp; sourceTree = "<group>"; };
		967ACB312A561B6800BD3B35 /* B13.webp */ = {isa = PBXFileReference; lastKnownFileType = file; path = B13.webp; sourceTree = "<group>"; };
		967ACB322A561B6800BD3B35 /* B33.webp */ = {isa = PBXFileReference; lastKnownFileType = file; path = B33.webp; sourceTree = "<group>"; };
		967ACB332A561B6800BD3B35 /* B20b.webp */ = {isa = PBXFileReference; lastKnownFileType = file; path = B20b.webp; sourceTree = "<group>"; };
		967ACB342A561B6800BD3B35 /* B15.webp */ = {isa = PBXFileReference; lastKnownFileType = file; path = B15.webp; sourceTree = "<group>"; };
		967ACB352A561B6800BD3B35 /* B3.webp */ = {isa = PBXFileReference; lastKnownFileType = file; path = B3.webp; sourceTree = "<group>"; };
		967ACB362A561B6800BD3B35 /* B6.webp */ = {isa = PBXFileReference; lastKnownFileType = file; path = B6.webp; sourceTree = "<group>"; };
		967ACB372A561B6800BD3B35 /* B21a.webp */ = {isa = PBXFileReference; lastKnownFileType = file; path = B21a.webp; sourceTree = "<group>"; };
		967ACB382A561B6800BD3B35 /* B27.webp */ = {isa = PBXFileReference; lastKnownFileType = file; path = B27.webp; sourceTree = "<group>"; };
		967ACB392A561B6800BD3B35 /* B22a.webp */ = {isa = PBXFileReference; lastKnownFileType = file; path = B22a.webp; sourceTree = "<group>"; };
		967ACB3A2A561B6800BD3B35 /* B28.webp */ = {isa = PBXFileReference; lastKnownFileType = file; path = B28.webp; sourceTree = "<group>"; };
		967ACB3B2A561B6800BD3B35 /* B21b.webp */ = {isa = PBXFileReference; lastKnownFileType = file; path = B21b.webp; sourceTree = "<group>"; };
		967ACB3C2A561B6800BD3B35 /* B23b.webp */ = {isa = PBXFileReference; lastKnownFileType = file; path = B23b.webp; sourceTree = "<group>"; };
		967ACB3D2A561B6800BD3B35 /* B16.webp */ = {isa = PBXFileReference; lastKnownFileType = file; path = B16.webp; sourceTree = "<group>"; };
		967ACB3E2A561B6800BD3B35 /* B32.webp */ = {isa = PBXFileReference; lastKnownFileType = file; path = B32.webp; sourceTree = "<group>"; };
		967ACB3F2A561B6800BD3B35 /* B30a.webp */ = {isa = PBXFileReference; lastKnownFileType = file; path = B30a.webp; sourceTree = "<group>"; };
		967ACB402A561B6800BD3B35 /* B25.webp */ = {isa = PBXFileReference; lastKnownFileType = file; path = B25.webp; sourceTree = "<group>"; };
		967ACB412A561B6800BD3B35 /* B31.webp */ = {isa = PBXFileReference; lastKnownFileType = file; path = B31.webp; sourceTree = "<group>"; };
		967ACB422A561B6800BD3B35 /* B1.webp */ = {isa = PBXFileReference; lastKnownFileType = file; path = B1.webp; sourceTree = "<group>"; };
		967ACB432A561B6800BD3B35 /* B11.webp */ = {isa = PBXFileReference; lastKnownFileType = file; path = B11.webp; sourceTree = "<group>"; };
		967ACB442A561B6800BD3B35 /* B7.webp */ = {isa = PBXFileReference; lastKnownFileType = file; path = B7.webp; sourceTree = "<group>"; };
		967ACB452A561B6800BD3B35 /* B18.webp */ = {isa = PBXFileReference; lastKnownFileType = file; path = B18.webp; sourceTree = "<group>"; };
		967ACB462A561B6800BD3B35 /* B20a.webp */ = {isa = PBXFileReference; lastKnownFileType = file; path = B20a.webp; sourceTree = "<group>"; };
		967ACB472A561B6800BD3B35 /* B4.webp */ = {isa = PBXFileReference; lastKnownFileType = file; path = B4.webp; sourceTree = "<group>"; };
		967ACB482A561B6800BD3B35 /* B8.webp */ = {isa = PBXFileReference; lastKnownFileType = file; path = B8.webp; sourceTree = "<group>"; };
		967ACB492A561B6800BD3B35 /* B24b.webp */ = {isa = PBXFileReference; lastKnownFileType = file; path = B24b.webp; sourceTree = "<group>"; };
		967ACB4A2A561B6800BD3B35 /* B29.webp */ = {isa = PBXFileReference; lastKnownFileType = file; path = B29.webp; sourceTree = "<group>"; };
		967ACB4B2A561B6800BD3B35 /* B17.webp */ = {isa = PBXFileReference; lastKnownFileType = file; path = B17.webp; sourceTree = "<group>"; };
		967ACB4C2A561B6800BD3B35 /* B26.webp */ = {isa = PBXFileReference; lastKnownFileType = file; path = B26.webp; sourceTree = "<group>"; };
		967ACB4D2A561B6800BD3B35 /* B14.webp */ = {isa = PBXFileReference; lastKnownFileType = file; path = B14.webp; sourceTree = "<group>"; };
		967ACB4E2A561B6800BD3B35 /* B30.webp */ = {isa = PBXFileReference; lastKnownFileType = file; path = B30.webp; sourceTree = "<group>"; };
		967ACB4F2A561B6800BD3B35 /* B34.webp */ = {isa = PBXFileReference; lastKnownFileType = file; path = B34.webp; sourceTree = "<group>"; };
		967ACB502A561B6800BD3B35 /* B24a.webp */ = {isa = PBXFileReference; lastKnownFileType = file; path = B24a.webp; sourceTree = "<group>"; };
		967ACB512A561B6800BD3B35 /* B12.webp */ = {isa = PBXFileReference; lastKnownFileType = file; path = B12.webp; sourceTree = "<group>"; };
		967ACB522A561B6900BD3B35 /* B10.webp */ = {isa = PBXFileReference; lastKnownFileType = file; path = B10.webp; sourceTree = "<group>"; };
		967ACB532A561B6900BD3B35 /* B2.webp */ = {isa = PBXFileReference; lastKnownFileType = file; path = B2.webp; sourceTree = "<group>"; };
		967ACB542A561B6900BD3B35 /* B5.webp */ = {isa = PBXFileReference; lastKnownFileType = file; path = B5.webp; sourceTree = "<group>"; };
		967ACB7D2A5621CE00BD3B35 /* C2c.webp */ = {isa = PBXFileReference; lastKnownFileType = file; path = C2c.webp; sourceTree = "<group>"; };
		967ACB7E2A5621CE00BD3B35 /* C13b.webp */ = {isa = PBXFileReference; lastKnownFileType = file; path = C13b.webp; sourceTree = "<group>"; };
		967ACB7F2A5621CE00BD3B35 /* C4b.webp */ = {isa = PBXFileReference; lastKnownFileType = file; path = C4b.webp; sourceTree = "<group>"; };
		967ACB802A5621CE00BD3B35 /* C4c.webp */ = {isa = PBXFileReference; lastKnownFileType = file; path = C4c.webp; sourceTree = "<group>"; };
		967ACB812A5621CE00BD3B35 /* C3b.webp */ = {isa = PBXFileReference; lastKnownFileType = file; path = C3b.webp; sourceTree = "<group>"; };
		967ACB822A5621CE00BD3B35 /* C2f.webp */ = {isa = PBXFileReference; lastKnownFileType = file; path = C2f.webp; sourceTree = "<group>"; };
		967ACB832A5621CE00BD3B35 /* C13a.webp */ = {isa = PBXFileReference; lastKnownFileType = file; path = C13a.webp; sourceTree = "<group>"; };
		967ACB842A5621CE00BD3B35 /* C10a.webp */ = {isa = PBXFileReference; lastKnownFileType = file; path = C10a.webp; sourceTree = "<group>"; };
		967ACB852A5621CE00BD3B35 /* C4a.webp */ = {isa = PBXFileReference; lastKnownFileType = file; path = C4a.webp; sourceTree = "<group>"; };
		967ACB862A5621CE00BD3B35 /* C8a.webp */ = {isa = PBXFileReference; lastKnownFileType = file; path = C8a.webp; sourceTree = "<group>"; };
		967ACB872A5621CE00BD3B35 /* C11a.webp */ = {isa = PBXFileReference; lastKnownFileType = file; path = C11a.webp; sourceTree = "<group>"; };
		967ACB882A5621CE00BD3B35 /* C6b.webp */ = {isa = PBXFileReference; lastKnownFileType = file; path = C6b.webp; sourceTree = "<group>"; };
		967ACB892A5621CE00BD3B35 /* C15b.webp */ = {isa = PBXFileReference; lastKnownFileType = file; path = C15b.webp; sourceTree = "<group>"; };
		967ACB8A2A5621CE00BD3B35 /* C9a.webp */ = {isa = PBXFileReference; lastKnownFileType = file; path = C9a.webp; sourceTree = "<group>"; };
		967ACB8B2A5621CE00BD3B35 /* C7b.webp */ = {isa = PBXFileReference; lastKnownFileType = file; path = C7b.webp; sourceTree = "<group>"; };
		967ACB8C2A5621CE00BD3B35 /* C3a.webp */ = {isa = PBXFileReference; lastKnownFileType = file; path = C3a.webp; sourceTree = "<group>"; };
		967ACB8D2A5621CE00BD3B35 /* C12b.webp */ = {isa = PBXFileReference; lastKnownFileType = file; path = C12b.webp; sourceTree = "<group>"; };
		967ACB8E2A5621CF00BD3B35 /* C2b.webp */ = {isa = PBXFileReference; lastKnownFileType = file; path = C2b.webp; sourceTree = "<group>"; };
		967ACB8F2A5621CF00BD3B35 /* C5b.webp */ = {isa = PBXFileReference; lastKnownFileType = file; path = C5b.webp; sourceTree = "<group>"; };
		967ACB902A5621CF00BD3B35 /* C14a.webp */ = {isa = PBXFileReference; lastKnownFileType = file; path = C14a.webp; sourceTree = "<group>"; };
		967ACB912A5621CF00BD3B35 /* C7a.webp */ = {isa = PBXFileReference; lastKnownFileType = file; path = C7a.webp; sourceTree = "<group>"; };
		967ACB922A5621CF00BD3B35 /* C15a.webp */ = {isa = PBXFileReference; lastKnownFileType = file; path = C15a.webp; sourceTree = "<group>"; };
		967ACB932A5621CF00BD3B35 /* C1.webp */ = {isa = PBXFileReference; lastKnownFileType = file; path = C1.webp; sourceTree = "<group>"; };
		967ACB942A5621CF00BD3B35 /* C6a.webp */ = {isa = PBXFileReference; lastKnownFileType = file; path = C6a.webp; sourceTree = "<group>"; };
		967ACB952A5621CF00BD3B35 /* C10b.webp */ = {isa = PBXFileReference; lastKnownFileType = file; path = C10b.webp; sourceTree = "<group>"; };
		967ACB962A5621CF00BD3B35 /* C14b.webp */ = {isa = PBXFileReference; lastKnownFileType = file; path = C14b.webp; sourceTree = "<group>"; };
		967ACB972A5621CF00BD3B35 /* C2e.webp */ = {isa = PBXFileReference; lastKnownFileType = file; path = C2e.webp; sourceTree = "<group>"; };
		967ACB982A5621CF00BD3B35 /* C2d.webp */ = {isa = PBXFileReference; lastKnownFileType = file; path = C2d.webp; sourceTree = "<group>"; };
		967ACB992A5621CF00BD3B35 /* C8b.webp */ = {isa = PBXFileReference; lastKnownFileType = file; path = C8b.webp; sourceTree = "<group>"; };
		967ACB9A2A5621CF00BD3B35 /* C12a.webp */ = {isa = PBXFileReference; lastKnownFileType = file; path = C12a.webp; sourceTree = "<group>"; };
		967ACB9B2A5621CF00BD3B35 /* C5a.webp */ = {isa = PBXFileReference; lastKnownFileType = file; path = C5a.webp; sourceTree = "<group>"; };
		967ACB9C2A5621CF00BD3B35 /* C11b.webp */ = {isa = PBXFileReference; lastKnownFileType = file; path = C11b.webp; sourceTree = "<group>"; };
		967ACB9D2A5621CF00BD3B35 /* C9b.webp */ = {isa = PBXFileReference; lastKnownFileType = file; path = C9b.webp; sourceTree = "<group>"; };
		967ACB9E2A5621CF00BD3B35 /* C2a.webp */ = {isa = PBXFileReference; lastKnownFileType = file; path = C2a.webp; sourceTree = "<group>"; };
		96847B822A5BEE9D0033D336 /* ToolsView.swift */ = {isa = PBXFileReference; lastKnownFileType = sourcecode.swift; path = ToolsView.swift; sourceTree = "<group>"; };
		96847B852A5BEED40033D336 /* SchengenCalculatorView.swift */ = {isa = PBXFileReference; lastKnownFileType = sourcecode.swift; path = SchengenCalculatorView.swift; sourceTree = "<group>"; };
		96847B872A5E8C2C0033D336 /* KittDataModel UpdateV 3.xcdatamodel */ = {isa = PBXFileReference; lastKnownFileType = wrapper.xcdatamodel; path = "KittDataModel UpdateV 3.xcdatamodel"; sourceTree = "<group>"; };
		96847B882A5E90CE0033D336 /* RecentListView.swift */ = {isa = PBXFileReference; lastKnownFileType = sourcecode.swift; path = RecentListView.swift; sourceTree = "<group>"; };
		96847B8A2A5E92A80033D336 /* RecentViewModel.swift */ = {isa = PBXFileReference; lastKnownFileType = sourcecode.swift; path = RecentViewModel.swift; sourceTree = "<group>"; };
		96847B8C2A5EB3BA0033D336 /* RecentItemModel.swift */ = {isa = PBXFileReference; lastKnownFileType = sourcecode.swift; path = RecentItemModel.swift; sourceTree = "<group>"; };
		96847B8F2A5F0FFF0033D336 /* GuideView.swift */ = {isa = PBXFileReference; lastKnownFileType = sourcecode.swift; path = GuideView.swift; sourceTree = "<group>"; };
		96847B932A6034150033D336 /* GuideViewModel.swift */ = {isa = PBXFileReference; lastKnownFileType = sourcecode.swift; path = GuideViewModel.swift; sourceTree = "<group>"; };
		9696388C29D4757F009365C5 /* SubGroupListView.swift */ = {isa = PBXFileReference; lastKnownFileType = sourcecode.swift; path = SubGroupListView.swift; sourceTree = "<group>"; };
		9696388E29D47C23009365C5 /* KittDataModel UpdateV2.xcdatamodel */ = {isa = PBXFileReference; lastKnownFileType = wrapper.xcdatamodel; path = "KittDataModel UpdateV2.xcdatamodel"; sourceTree = "<group>"; };
		9696389F29D4861D009365C5 /* ContentItem+CoreDataClass.swift */ = {isa = PBXFileReference; lastKnownFileType = sourcecode.swift; path = "ContentItem+CoreDataClass.swift"; sourceTree = "<group>"; };
		969638A029D4861D009365C5 /* ContentItem+CoreDataProperties.swift */ = {isa = PBXFileReference; lastKnownFileType = sourcecode.swift; path = "ContentItem+CoreDataProperties.swift"; sourceTree = "<group>"; };
		969638A729D48969009365C5 /* ItemModel.swift */ = {isa = PBXFileReference; lastKnownFileType = sourcecode.swift; path = ItemModel.swift; sourceTree = "<group>"; };
		969638A929D490A9009365C5 /* Group+CoreDataClass.swift */ = {isa = PBXFileReference; lastKnownFileType = sourcecode.swift; path = "Group+CoreDataClass.swift"; sourceTree = "<group>"; };
		969638AA29D490A9009365C5 /* Group+CoreDataProperties.swift */ = {isa = PBXFileReference; lastKnownFileType = sourcecode.swift; path = "Group+CoreDataProperties.swift"; sourceTree = "<group>"; };
		969638AD29D6C580009365C5 /* ContentItemView.swift */ = {isa = PBXFileReference; lastKnownFileType = sourcecode.swift; path = ContentItemView.swift; sourceTree = "<group>"; };
		96965E6E29B63AA30094520F /* SettingsModel.swift */ = {isa = PBXFileReference; lastKnownFileType = sourcecode.swift; path = SettingsModel.swift; sourceTree = "<group>"; };
		96965E7229B7EC5F0094520F /* SettingsView.swift */ = {isa = PBXFileReference; lastKnownFileType = sourcecode.swift; path = SettingsView.swift; sourceTree = "<group>"; };
		96965E7729B87D880094520F /* Debug.xcconfig */ = {isa = PBXFileReference; lastKnownFileType = text.xcconfig; path = Debug.xcconfig; sourceTree = "<group>"; };
		96965E7829B87D950094520F /* Staging.xcconfig */ = {isa = PBXFileReference; lastKnownFileType = text.xcconfig; path = Staging.xcconfig; sourceTree = "<group>"; };
		96965E7929B87D9D0094520F /* Release.xcconfig */ = {isa = PBXFileReference; lastKnownFileType = text.xcconfig; path = Release.xcconfig; sourceTree = "<group>"; };
		96965E8229B8A3660094520F /* MailView.swift */ = {isa = PBXFileReference; lastKnownFileType = sourcecode.swift; path = MailView.swift; sourceTree = "<group>"; };
		96965E8429B8A4860094520F /* SettingsController.swift */ = {isa = PBXFileReference; lastKnownFileType = sourcecode.swift; path = SettingsController.swift; sourceTree = "<group>"; };
		96965E9629B8C51C0094520F /* VersionController.swift */ = {isa = PBXFileReference; lastKnownFileType = sourcecode.swift; path = VersionController.swift; sourceTree = "<group>"; };
		96965E9829B8CAA90094520F /* VersionModel.swift */ = {isa = PBXFileReference; lastKnownFileType = sourcecode.swift; path = VersionModel.swift; sourceTree = "<group>"; };
		96965E9A29B8CB830094520F /* Version+CoreDataClass.swift */ = {isa = PBXFileReference; lastKnownFileType = sourcecode.swift; path = "Version+CoreDataClass.swift"; sourceTree = "<group>"; };
		96965E9B29B8CB830094520F /* Version+CoreDataProperties.swift */ = {isa = PBXFileReference; lastKnownFileType = sourcecode.swift; path = "Version+CoreDataProperties.swift"; sourceTree = "<group>"; };
		96965E9E29B8CD090094520F /* NewsView.swift */ = {isa = PBXFileReference; lastKnownFileType = sourcecode.swift; path = NewsView.swift; sourceTree = "<group>"; };
		96965EA029BB680F0094520F /* NetworkController.swift */ = {isa = PBXFileReference; lastKnownFileType = sourcecode.swift; path = NetworkController.swift; sourceTree = "<group>"; };
		96965EA229BB8D890094520F /* CustomBadgeView.swift */ = {isa = PBXFileReference; lastKnownFileType = sourcecode.swift; path = CustomBadgeView.swift; sourceTree = "<group>"; };
		96965EBE29BCFB560094520F /* CatchYourCriminalView.swift */ = {isa = PBXFileReference; lastKnownFileType = sourcecode.swift; path = CatchYourCriminalView.swift; sourceTree = "<group>"; };
		96965EC129BE768C0094520F /* CYCMenuView.swift */ = {isa = PBXFileReference; lastKnownFileType = sourcecode.swift; path = CYCMenuView.swift; sourceTree = "<group>"; };
		969A63692A5537C600A7D378 /* A1a.webp */ = {isa = PBXFileReference; lastKnownFileType = file; path = A1a.webp; sourceTree = "<group>"; };
		969A636B2A5537D800A7D378 /* A12b.webp */ = {isa = PBXFileReference; lastKnownFileType = file; path = A12b.webp; sourceTree = "<group>"; };
		969A636C2A5537D800A7D378 /* A26.webp */ = {isa = PBXFileReference; lastKnownFileType = file; path = A26.webp; sourceTree = "<group>"; };
		969A636D2A5537D800A7D378 /* A13.webp */ = {isa = PBXFileReference; lastKnownFileType = file; path = A13.webp; sourceTree = "<group>"; };
		969A636E2A5537D800A7D378 /* A16.webp */ = {isa = PBXFileReference; lastKnownFileType = file; path = A16.webp; sourceTree = "<group>"; };
		969A636F2A5537D800A7D378 /* A28.webp */ = {isa = PBXFileReference; lastKnownFileType = file; path = A28.webp; sourceTree = "<group>"; };
		969A63702A5537D800A7D378 /* A7b.webp */ = {isa = PBXFileReference; lastKnownFileType = file; path = A7b.webp; sourceTree = "<group>"; };
		969A63712A5537D800A7D378 /* A18.webp */ = {isa = PBXFileReference; lastKnownFileType = file; path = A18.webp; sourceTree = "<group>"; };
		969A63722A5537D800A7D378 /* A2b.webp */ = {isa = PBXFileReference; lastKnownFileType = file; path = A2b.webp; sourceTree = "<group>"; };
		969A63732A5537D800A7D378 /* A31a.webp */ = {isa = PBXFileReference; lastKnownFileType = file; path = A31a.webp; sourceTree = "<group>"; };
		969A63742A5537D800A7D378 /* A7a.webp */ = {isa = PBXFileReference; lastKnownFileType = file; path = A7a.webp; sourceTree = "<group>"; };
		969A63752A5537D800A7D378 /* A32b.webp */ = {isa = PBXFileReference; lastKnownFileType = file; path = A32b.webp; sourceTree = "<group>"; };
		969A63762A5537D800A7D378 /* A34.webp */ = {isa = PBXFileReference; lastKnownFileType = file; path = A34.webp; sourceTree = "<group>"; };
		969A63772A5537D800A7D378 /* A9.webp */ = {isa = PBXFileReference; lastKnownFileType = file; path = A9.webp; sourceTree = "<group>"; };
		969A63782A5537D800A7D378 /* A31c.webp */ = {isa = PBXFileReference; lastKnownFileType = file; path = A31c.webp; sourceTree = "<group>"; };
		969A63792A5537D800A7D378 /* A25.webp */ = {isa = PBXFileReference; lastKnownFileType = file; path = A25.webp; sourceTree = "<group>"; };
		969A637A2A5537D800A7D378 /* A6b.webp */ = {isa = PBXFileReference; lastKnownFileType = file; path = A6b.webp; sourceTree = "<group>"; };
		969A637B2A5537D800A7D378 /* A21.webp */ = {isa = PBXFileReference; lastKnownFileType = file; path = A21.webp; sourceTree = "<group>"; };
		969A637C2A5537D800A7D378 /* A5b.webp */ = {isa = PBXFileReference; lastKnownFileType = file; path = A5b.webp; sourceTree = "<group>"; };
		969A637D2A5537D800A7D378 /* A5a.webp */ = {isa = PBXFileReference; lastKnownFileType = file; path = A5a.webp; sourceTree = "<group>"; };
		969A637E2A5537D800A7D378 /* A8.webp */ = {isa = PBXFileReference; lastKnownFileType = file; path = A8.webp; sourceTree = "<group>"; };
		969A637F2A5537D800A7D378 /* A19.webp */ = {isa = PBXFileReference; lastKnownFileType = file; path = A19.webp; sourceTree = "<group>"; };
		969A63802A5537D800A7D378 /* A29.webp */ = {isa = PBXFileReference; lastKnownFileType = file; path = A29.webp; sourceTree = "<group>"; };
		969A63812A5537D800A7D378 /* A23.webp */ = {isa = PBXFileReference; lastKnownFileType = file; path = A23.webp; sourceTree = "<group>"; };
		969A63822A5537D800A7D378 /* A14.webp */ = {isa = PBXFileReference; lastKnownFileType = file; path = A14.webp; sourceTree = "<group>"; };
		969A63832A5537D800A7D378 /* A3.webp */ = {isa = PBXFileReference; lastKnownFileType = file; path = A3.webp; sourceTree = "<group>"; };
		969A63842A5537D800A7D378 /* A1b.webp */ = {isa = PBXFileReference; lastKnownFileType = file; path = A1b.webp; sourceTree = "<group>"; };
		969A63852A5537D800A7D378 /* A27.webp */ = {isa = PBXFileReference; lastKnownFileType = file; path = A27.webp; sourceTree = "<group>"; };
		969A63862A5537D800A7D378 /* A33.webp */ = {isa = PBXFileReference; lastKnownFileType = file; path = A33.webp; sourceTree = "<group>"; };
		969A63872A5537D800A7D378 /* A17.webp */ = {isa = PBXFileReference; lastKnownFileType = file; path = A17.webp; sourceTree = "<group>"; };
		969A63882A5537D800A7D378 /* A24.webp */ = {isa = PBXFileReference; lastKnownFileType = file; path = A24.webp; sourceTree = "<group>"; };
		969A63892A5537D800A7D378 /* A22.webp */ = {isa = PBXFileReference; lastKnownFileType = file; path = A22.webp; sourceTree = "<group>"; };
		969A638A2A5537D800A7D378 /* A31b.webp */ = {isa = PBXFileReference; lastKnownFileType = file; path = A31b.webp; sourceTree = "<group>"; };
		969A638B2A5537D800A7D378 /* A32a.webp */ = {isa = PBXFileReference; lastKnownFileType = file; path = A32a.webp; sourceTree = "<group>"; };
		969A638C2A5537D800A7D378 /* A6a.webp */ = {isa = PBXFileReference; lastKnownFileType = file; path = A6a.webp; sourceTree = "<group>"; };
		969A638D2A5537D900A7D378 /* A15.webp */ = {isa = PBXFileReference; lastKnownFileType = file; path = A15.webp; sourceTree = "<group>"; };
		969A638E2A5537D900A7D378 /* A11.webp */ = {isa = PBXFileReference; lastKnownFileType = file; path = A11.webp; sourceTree = "<group>"; };
		969A638F2A5537D900A7D378 /* A4.webp */ = {isa = PBXFileReference; lastKnownFileType = file; path = A4.webp; sourceTree = "<group>"; };
		969A63902A5537D900A7D378 /* A12a.webp */ = {isa = PBXFileReference; lastKnownFileType = file; path = A12a.webp; sourceTree = "<group>"; };
		969A63912A5537D900A7D378 /* A10.webp */ = {isa = PBXFileReference; lastKnownFileType = file; path = A10.webp; sourceTree = "<group>"; };
		969A63922A5537D900A7D378 /* A30.webp */ = {isa = PBXFileReference; lastKnownFileType = file; path = A30.webp; sourceTree = "<group>"; };
		969A63932A5537D900A7D378 /* A2a.webp */ = {isa = PBXFileReference; lastKnownFileType = file; path = A2a.webp; sourceTree = "<group>"; };
		969A63942A5537D900A7D378 /* A20.webp */ = {isa = PBXFileReference; lastKnownFileType = file; path = A20.webp; sourceTree = "<group>"; };
		969A63CD2A55EA5900A7D378 /* A12c.webp */ = {isa = PBXFileReference; lastKnownFileType = file; name = A12c.webp; path = ../../../../../Desktop/A12c.webp; sourceTree = "<group>"; };
		969F070729D745D30017FB99 /* SanctionModel.swift */ = {isa = PBXFileReference; lastKnownFileType = sourcecode.swift; path = SanctionModel.swift; sourceTree = "<group>"; };
		969F070929D74BFF0017FB99 /* LinkModel.swift */ = {isa = PBXFileReference; lastKnownFileType = sourcecode.swift; path = LinkModel.swift; sourceTree = "<group>"; };
		969F070B29D7594E0017FB99 /* ContentModel.swift */ = {isa = PBXFileReference; lastKnownFileType = sourcecode.swift; path = ContentModel.swift; sourceTree = "<group>"; };
		96A9EB2929E1654600F10947 /* SubmenuView.swift */ = {isa = PBXFileReference; lastKnownFileType = sourcecode.swift; path = SubmenuView.swift; sourceTree = "<group>"; };
		96B498D529C4195300883BFA /* KittDataModel AddWarningAndMiranda.xcdatamodel */ = {isa = PBXFileReference; lastKnownFileType = wrapper.xcdatamodel; path = "KittDataModel AddWarningAndMiranda.xcdatamodel"; sourceTree = "<group>"; };
		96D30B7229B1E18F0018F750 /* KITT-testApp.app */ = {isa = PBXFileReference; explicitFileType = wrapper.application; includeInIndex = 0; path = "KITT-testApp.app"; sourceTree = BUILT_PRODUCTS_DIR; };
		96D30B7529B1E18F0018F750 /* KITT_testAppApp.swift */ = {isa = PBXFileReference; lastKnownFileType = sourcecode.swift; path = KITT_testAppApp.swift; sourceTree = "<group>"; };
		96D30B7929B1E1900018F750 /* Assets.xcassets */ = {isa = PBXFileReference; lastKnownFileType = folder.assetcatalog; path = Assets.xcassets; sourceTree = "<group>"; };
		96D30B7C29B1E1900018F750 /* Preview Assets.xcassets */ = {isa = PBXFileReference; lastKnownFileType = folder.assetcatalog; path = "Preview Assets.xcassets"; sourceTree = "<group>"; };
		96D30B8429B1E1BC0018F750 /* LibraryView.swift */ = {isa = PBXFileReference; lastKnownFileType = sourcecode.swift; path = LibraryView.swift; sourceTree = "<group>"; };
		96D30B8829B1E2230018F750 /* JsonDataController.swift */ = {isa = PBXFileReference; lastKnownFileType = sourcecode.swift; path = JsonDataController.swift; sourceTree = "<group>"; };
		96D30B9029B1E2F70018F750 /* Info.plist */ = {isa = PBXFileReference; lastKnownFileType = text.plist; path = Info.plist; sourceTree = "<group>"; };
/* End PBXFileReference section */

/* Begin PBXFrameworksBuildPhase section */
		96D30B6F29B1E18F0018F750 /* Frameworks */ = {
			isa = PBXFrameworksBuildPhase;
			buildActionMask = 2147483647;
			files = (
			);
			runOnlyForDeploymentPostprocessing = 0;
		};
/* End PBXFrameworksBuildPhase section */

/* Begin PBXGroup section */
		9660490B29B1E92600F64E55 /* DataModels */ = {
			isa = PBXGroup;
			children = (
				969638A929D490A9009365C5 /* Group+CoreDataClass.swift */,
				969638AA29D490A9009365C5 /* Group+CoreDataProperties.swift */,
				9696389F29D4861D009365C5 /* ContentItem+CoreDataClass.swift */,
				969638A029D4861D009365C5 /* ContentItem+CoreDataProperties.swift */,
				96965E9A29B8CB830094520F /* Version+CoreDataClass.swift */,
				96965E9B29B8CB830094520F /* Version+CoreDataProperties.swift */,
			);
			path = DataModels;
			sourceTree = "<group>";
		};
		96847B842A5BEEC80033D336 /* Tools */ = {
			isa = PBXGroup;
			children = (
				96847B852A5BEED40033D336 /* SchengenCalculatorView.swift */,
			);
			path = Tools;
			sourceTree = "<group>";
		};
		96847B8E2A5F0FAA0033D336 /* Guide */ = {
			isa = PBXGroup;
			children = (
				96847B8F2A5F0FFF0033D336 /* GuideView.swift */,
			);
			path = Guide;
			sourceTree = "<group>";
		};
		969638AF29D6C67F009365C5 /* Fonts */ = {
			isa = PBXGroup;
			children = (
				964D0BB429DF3EFE008ED31C /* Roboto-Black.ttf */,
				964D0BB529DF3EFE008ED31C /* Roboto-Bold.ttf */,
				964D0BB129DF3EFE008ED31C /* Roboto-Light.ttf */,
				964D0BB229DF3EFE008ED31C /* Roboto-Medium.ttf */,
				964D0BB629DF3EFE008ED31C /* Roboto-Regular.ttf */,
				964D0BB329DF3EFE008ED31C /* Roboto-Thin.ttf */,
			);
			path = Fonts;
			sourceTree = "<group>";
		};
		96965E7629B87D750094520F /* Config */ = {
			isa = PBXGroup;
			children = (
				96965E7729B87D880094520F /* Debug.xcconfig */,
				96965E7829B87D950094520F /* Staging.xcconfig */,
				96965E7929B87D9D0094520F /* Release.xcconfig */,
			);
			path = Config;
			sourceTree = "<group>";
		};
		96965EC029BE76740094520F /* CYCViews */ = {
			isa = PBXGroup;
			children = (
				96965EBE29BCFB560094520F /* CatchYourCriminalView.swift */,
				96965EC129BE768C0094520F /* CYCMenuView.swift */,
			);
			path = CYCViews;
			sourceTree = "<group>";
		};
		969A63682A5537B400A7D378 /* Signs */ = {
			isa = PBXGroup;
			children = (
				969A63692A5537C600A7D378 /* A1a.webp */,
				969A63842A5537D800A7D378 /* A1b.webp */,
				969A63932A5537D900A7D378 /* A2a.webp */,
				969A63722A5537D800A7D378 /* A2b.webp */,
				969A63832A5537D800A7D378 /* A3.webp */,
				969A638F2A5537D900A7D378 /* A4.webp */,
				969A637D2A5537D800A7D378 /* A5a.webp */,
				969A637C2A5537D800A7D378 /* A5b.webp */,
				969A638C2A5537D800A7D378 /* A6a.webp */,
				969A637A2A5537D800A7D378 /* A6b.webp */,
				969A63742A5537D800A7D378 /* A7a.webp */,
				969A63702A5537D800A7D378 /* A7b.webp */,
				969A637E2A5537D800A7D378 /* A8.webp */,
				969A63772A5537D800A7D378 /* A9.webp */,
				969A63912A5537D900A7D378 /* A10.webp */,
				969A638E2A5537D900A7D378 /* A11.webp */,
				969A63902A5537D900A7D378 /* A12a.webp */,
				969A636B2A5537D800A7D378 /* A12b.webp */,
				969A63CD2A55EA5900A7D378 /* A12c.webp */,
				969A636D2A5537D800A7D378 /* A13.webp */,
				969A63822A5537D800A7D378 /* A14.webp */,
				969A638D2A5537D900A7D378 /* A15.webp */,
				969A636E2A5537D800A7D378 /* A16.webp */,
				969A63872A5537D800A7D378 /* A17.webp */,
				969A63712A5537D800A7D378 /* A18.webp */,
				969A637F2A5537D800A7D378 /* A19.webp */,
				969A63942A5537D900A7D378 /* A20.webp */,
				969A637B2A5537D800A7D378 /* A21.webp */,
				969A63892A5537D800A7D378 /* A22.webp */,
				969A63812A5537D800A7D378 /* A23.webp */,
				969A63882A5537D800A7D378 /* A24.webp */,
				969A63792A5537D800A7D378 /* A25.webp */,
				969A636C2A5537D800A7D378 /* A26.webp */,
				969A63852A5537D800A7D378 /* A27.webp */,
				969A636F2A5537D800A7D378 /* A28.webp */,
				969A63802A5537D800A7D378 /* A29.webp */,
				969A63922A5537D900A7D378 /* A30.webp */,
				969A63732A5537D800A7D378 /* A31a.webp */,
				969A638A2A5537D800A7D378 /* A31b.webp */,
				969A63782A5537D800A7D378 /* A31c.webp */,
				969A638B2A5537D800A7D378 /* A32a.webp */,
				969A63752A5537D800A7D378 /* A32b.webp */,
				969A63862A5537D800A7D378 /* A33.webp */,
				969A63762A5537D800A7D378 /* A34.webp */,
				967ACB222A56049000BD3B35 /* P1.webp */,
				967ACB202A56049000BD3B35 /* P2.webp */,
				967ACB1D2A56049000BD3B35 /* P3.webp */,
				967ACB242A56049000BD3B35 /* P4.webp */,
				967ACB232A56049000BD3B35 /* P5.webp */,
				967ACB1F2A56049000BD3B35 /* P6.webp */,
				967ACB212A56049000BD3B35 /* P7.webp */,
				967ACB1E2A56049000BD3B35 /* P8.webp */,
				967ACB422A561B6800BD3B35 /* B1.webp */,
				967ACB532A561B6900BD3B35 /* B2.webp */,
				967ACB352A561B6800BD3B35 /* B3.webp */,
				967ACB472A561B6800BD3B35 /* B4.webp */,
				967ACB542A561B6900BD3B35 /* B5.webp */,
				967ACB362A561B6800BD3B35 /* B6.webp */,
				967ACB442A561B6800BD3B35 /* B7.webp */,
				967ACB482A561B6800BD3B35 /* B8.webp */,
				967ACB2D2A561B6800BD3B35 /* B9.webp */,
				967ACB522A561B6900BD3B35 /* B10.webp */,
				967ACB432A561B6800BD3B35 /* B11.webp */,
				967ACB512A561B6800BD3B35 /* B12.webp */,
				967ACB312A561B6800BD3B35 /* B13.webp */,
				967ACB4D2A561B6800BD3B35 /* B14.webp */,
				967ACB342A561B6800BD3B35 /* B15.webp */,
				967ACB3D2A561B6800BD3B35 /* B16.webp */,
				967ACB4B2A561B6800BD3B35 /* B17.webp */,
				967ACB452A561B6800BD3B35 /* B18.webp */,
				967ACB2F2A561B6800BD3B35 /* B19.webp */,
				967ACB462A561B6800BD3B35 /* B20a.webp */,
				967ACB332A561B6800BD3B35 /* B20b.webp */,
				967ACB372A561B6800BD3B35 /* B21a.webp */,
				967ACB3B2A561B6800BD3B35 /* B21b.webp */,
				967ACB392A561B6800BD3B35 /* B22a.webp */,
				967ACB302A561B6800BD3B35 /* B22b.webp */,
				967ACB2E2A561B6800BD3B35 /* B23a.webp */,
				967ACB3C2A561B6800BD3B35 /* B23b.webp */,
				967ACB502A561B6800BD3B35 /* B24a.webp */,
				967ACB492A561B6800BD3B35 /* B24b.webp */,
				967ACB402A561B6800BD3B35 /* B25.webp */,
				967ACB4C2A561B6800BD3B35 /* B26.webp */,
				967ACB382A561B6800BD3B35 /* B27.webp */,
				967ACB3A2A561B6800BD3B35 /* B28.webp */,
				967ACB4A2A561B6800BD3B35 /* B29.webp */,
				967ACB4E2A561B6800BD3B35 /* B30.webp */,
				967ACB3F2A561B6800BD3B35 /* B30a.webp */,
				967ACB412A561B6800BD3B35 /* B31.webp */,
				967ACB3E2A561B6800BD3B35 /* B32.webp */,
				967ACB322A561B6800BD3B35 /* B33.webp */,
				967ACB4F2A561B6800BD3B35 /* B34.webp */,
				967ACB932A5621CF00BD3B35 /* C1.webp */,
				967ACB9E2A5621CF00BD3B35 /* C2a.webp */,
				967ACB8E2A5621CF00BD3B35 /* C2b.webp */,
				967ACB7D2A5621CE00BD3B35 /* C2c.webp */,
				967ACB982A5621CF00BD3B35 /* C2d.webp */,
				967ACB972A5621CF00BD3B35 /* C2e.webp */,
				967ACB822A5621CE00BD3B35 /* C2f.webp */,
				967ACB8C2A5621CE00BD3B35 /* C3a.webp */,
				967ACB812A5621CE00BD3B35 /* C3b.webp */,
				967ACB852A5621CE00BD3B35 /* C4a.webp */,
				967ACB7F2A5621CE00BD3B35 /* C4b.webp */,
				967ACB802A5621CE00BD3B35 /* C4c.webp */,
				967ACB9B2A5621CF00BD3B35 /* C5a.webp */,
				967ACB8F2A5621CF00BD3B35 /* C5b.webp */,
				967ACB942A5621CF00BD3B35 /* C6a.webp */,
				967ACB882A5621CE00BD3B35 /* C6b.webp */,
				967ACB912A5621CF00BD3B35 /* C7a.webp */,
				967ACB8B2A5621CE00BD3B35 /* C7b.webp */,
				967ACB862A5621CE00BD3B35 /* C8a.webp */,
				967ACB992A5621CF00BD3B35 /* C8b.webp */,
				967ACB8A2A5621CE00BD3B35 /* C9a.webp */,
				967ACB9D2A5621CF00BD3B35 /* C9b.webp */,
				967ACB842A5621CE00BD3B35 /* C10a.webp */,
				967ACB952A5621CF00BD3B35 /* C10b.webp */,
				967ACB872A5621CE00BD3B35 /* C11a.webp */,
				967ACB9C2A5621CF00BD3B35 /* C11b.webp */,
				967ACB9A2A5621CF00BD3B35 /* C12a.webp */,
				967ACB8D2A5621CE00BD3B35 /* C12b.webp */,
				967ACB832A5621CE00BD3B35 /* C13a.webp */,
				967ACB7E2A5621CE00BD3B35 /* C13b.webp */,
				967ACB902A5621CF00BD3B35 /* C14a.webp */,
				967ACB962A5621CF00BD3B35 /* C14b.webp */,
				967ACB922A5621CF00BD3B35 /* C15a.webp */,
				967ACB892A5621CE00BD3B35 /* C15b.webp */,
			);
			path = Signs;
			sourceTree = "<group>";
		};
		96D30B6929B1E18F0018F750 = {
			isa = PBXGroup;
			children = (
				9660490429B1E7A600F64E55 /* KittDataModel.xcdatamodeld */,
				9660493529B53E7700F64E55 /* LaunchScreen.storyboard */,
				96D30B7429B1E18F0018F750 /* KITT-testApp */,
				96D30B7329B1E18F0018F750 /* Products */,
			);
			sourceTree = "<group>";
		};
		96D30B7329B1E18F0018F750 /* Products */ = {
			isa = PBXGroup;
			children = (
				96D30B7229B1E18F0018F750 /* KITT-testApp.app */,
			);
			name = Products;
			sourceTree = "<group>";
		};
		96D30B7429B1E18F0018F750 /* KITT-testApp */ = {
			isa = PBXGroup;
			children = (
				969A63682A5537B400A7D378 /* Signs */,
				96D30B9029B1E2F70018F750 /* Info.plist */,
				969638AF29D6C67F009365C5 /* Fonts */,
				96965E7629B87D750094520F /* Config */,
				9660490B29B1E92600F64E55 /* DataModels */,
				96D30B8829B1E2230018F750 /* JsonDataController.swift */,
				9660490229B1E75A00F64E55 /* DataController.swift */,
				96965E8429B8A4860094520F /* SettingsController.swift */,
				96965E9629B8C51C0094520F /* VersionController.swift */,
				96965EA029BB680F0094520F /* NetworkController.swift */,
				96D30B8729B1E2080018F750 /* ViewModels */,
				96D30B8629B1E1FC0018F750 /* Models */,
				96D30B8329B1E1AF0018F750 /* Views */,
				96D30B7529B1E18F0018F750 /* KITT_testAppApp.swift */,
				96D30B7929B1E1900018F750 /* Assets.xcassets */,
				96D30B7B29B1E1900018F750 /* Preview Content */,
			);
			path = "KITT-testApp";
			sourceTree = "<group>";
		};
		96D30B7B29B1E1900018F750 /* Preview Content */ = {
			isa = PBXGroup;
			children = (
				96D30B7C29B1E1900018F750 /* Preview Assets.xcassets */,
			);
			path = "Preview Content";
			sourceTree = "<group>";
		};
		96D30B8329B1E1AF0018F750 /* Views */ = {
			isa = PBXGroup;
			children = (
				96965EC029BE76740094520F /* CYCViews */,
				96D30B9129B1E33C0018F750 /* Subviews */,
				96D30B8429B1E1BC0018F750 /* LibraryView.swift */,
				96A9EB2929E1654600F10947 /* SubmenuView.swift */,
				9660492629B2476E00F64E55 /* MainView.swift */,
				9660492829B247B600F64E55 /* FavoritesView.swift */,
				96965E7229B7EC5F0094520F /* SettingsView.swift */,
			);
			path = Views;
			sourceTree = "<group>";
		};
		96D30B8629B1E1FC0018F750 /* Models */ = {
			isa = PBXGroup;
			children = (
				9660490C29B217AC00F64E55 /* ParagraphModel.swift */,
				9660492A29B463B400F64E55 /* FilterModel.swift */,
				96965E6E29B63AA30094520F /* SettingsModel.swift */,
				96965E9829B8CAA90094520F /* VersionModel.swift */,
				969638A729D48969009365C5 /* ItemModel.swift */,
				969F070729D745D30017FB99 /* SanctionModel.swift */,
				969F070929D74BFF0017FB99 /* LinkModel.swift */,
				969F070B29D7594E0017FB99 /* ContentModel.swift */,
				964D719329E1A254006155B0 /* FileModel.swift */,
				96847B8C2A5EB3BA0033D336 /* RecentItemModel.swift */,
			);
			path = Models;
			sourceTree = "<group>";
		};
		96D30B8729B1E2080018F750 /* ViewModels */ = {
			isa = PBXGroup;
			children = (
				9660492C29B4648500F64E55 /* FilterViewModel.swift */,
				964D719829F5C89E006155B0 /* UrlViewModel.swift */,
				9619DC722A59E634006D479C /* CoreDataViewModel.swift */,
				96847B8A2A5E92A80033D336 /* RecentViewModel.swift */,
				96847B932A6034150033D336 /* GuideViewModel.swift */,
			);
			path = ViewModels;
			sourceTree = "<group>";
		};
		96D30B9129B1E33C0018F750 /* Subviews */ = {
			isa = PBXGroup;
			children = (
				96847B8E2A5F0FAA0033D336 /* Guide */,
				96847B842A5BEEC80033D336 /* Tools */,
				9660492E29B5308000F64E55 /* FiltersList.swift */,
				96965E8229B8A3660094520F /* MailView.swift */,
				96965E9E29B8CD090094520F /* NewsView.swift */,
				96965EA229BB8D890094520F /* CustomBadgeView.swift */,
				9696388C29D4757F009365C5 /* SubGroupListView.swift */,
				969638AD29D6C580009365C5 /* ContentItemView.swift */,
				964D0BBD29E00C95008ED31C /* ContentItemRowView.swift */,
				96847B822A5BEE9D0033D336 /* ToolsView.swift */,
				96847B882A5E90CE0033D336 /* RecentListView.swift */,
			);
			path = Subviews;
			sourceTree = "<group>";
		};
/* End PBXGroup section */

/* Begin PBXNativeTarget section */
		96D30B7129B1E18F0018F750 /* KITT-testApp */ = {
			isa = PBXNativeTarget;
			buildConfigurationList = 96D30B8029B1E1900018F750 /* Build configuration list for PBXNativeTarget "KITT-testApp" */;
			buildPhases = (
				96D30B6E29B1E18F0018F750 /* Sources */,
				96D30B6F29B1E18F0018F750 /* Frameworks */,
				96D30B7029B1E18F0018F750 /* Resources */,
			);
			buildRules = (
			);
			dependencies = (
			);
			name = "KITT-testApp";
			productName = "KITT-testApp";
			productReference = 96D30B7229B1E18F0018F750 /* KITT-testApp.app */;
			productType = "com.apple.product-type.application";
		};
/* End PBXNativeTarget section */

/* Begin PBXProject section */
		96D30B6A29B1E18F0018F750 /* Project object */ = {
			isa = PBXProject;
			attributes = {
				BuildIndependentTargetsInParallel = 1;
				LastSwiftUpdateCheck = 1420;
				LastUpgradeCheck = 1420;
				TargetAttributes = {
					96D30B7129B1E18F0018F750 = {
						CreatedOnToolsVersion = 14.2;
					};
				};
			};
			buildConfigurationList = 96D30B6D29B1E18F0018F750 /* Build configuration list for PBXProject "KITT-testApp" */;
			compatibilityVersion = "Xcode 14.0";
			developmentRegion = en;
			hasScannedForEncodings = 0;
			knownRegions = (
				en,
				Base,
			);
			mainGroup = 96D30B6929B1E18F0018F750;
			productRefGroup = 96D30B7329B1E18F0018F750 /* Products */;
			projectDirPath = "";
			projectRoot = "";
			targets = (
				96D30B7129B1E18F0018F750 /* KITT-testApp */,
			);
		};
/* End PBXProject section */

/* Begin PBXResourcesBuildPhase section */
		96D30B7029B1E18F0018F750 /* Resources */ = {
			isa = PBXResourcesBuildPhase;
			buildActionMask = 2147483647;
			files = (
				967ACBBF2A5621CF00BD3B35 /* C9b.webp in Resources */,
				969A63A02A5537D900A7D378 /* A34.webp in Resources */,
				967ACBBC2A5621CF00BD3B35 /* C12a.webp in Resources */,
				967ACB6F2A561B6900BD3B35 /* B4.webp in Resources */,
				967ACBA72A5621CF00BD3B35 /* C4a.webp in Resources */,
				964D0BB829DF3EFE008ED31C /* Roboto-Medium.ttf in Resources */,
				969A63A32A5537D900A7D378 /* A25.webp in Resources */,
				967ACB682A561B6900BD3B35 /* B25.webp in Resources */,
				967ACB712A561B6900BD3B35 /* B24b.webp in Resources */,
				967ACBB32A5621CF00BD3B35 /* C7a.webp in Resources */,
				969A63AB2A5537D900A7D378 /* A23.webp in Resources */,
				967ACB2A2A56049000BD3B35 /* P1.webp in Resources */,
				969A63A52A5537D900A7D378 /* A21.webp in Resources */,
				969A639D2A5537D900A7D378 /* A31a.webp in Resources */,
				967ACBA92A5621CF00BD3B35 /* C11a.webp in Resources */,
				967ACB252A56049000BD3B35 /* P3.webp in Resources */,
				967ACB642A561B6900BD3B35 /* B23b.webp in Resources */,
				9660493629B53E7700F64E55 /* LaunchScreen.storyboard in Resources */,
				967ACB262A56049000BD3B35 /* P8.webp in Resources */,
				967ACB6B2A561B6900BD3B35 /* B11.webp in Resources */,
				967ACB272A56049000BD3B35 /* P6.webp in Resources */,
				964D0BB929DF3EFE008ED31C /* Roboto-Thin.ttf in Resources */,
				969A639C2A5537D900A7D378 /* A2b.webp in Resources */,
				967ACBB72A5621CF00BD3B35 /* C10b.webp in Resources */,
				969A63A42A5537D900A7D378 /* A6b.webp in Resources */,
				967ACBA42A5621CF00BD3B35 /* C2f.webp in Resources */,
				967ACB562A561B6900BD3B35 /* B23a.webp in Resources */,
				967ACB582A561B6900BD3B35 /* B22b.webp in Resources */,
				967ACB7C2A561B6900BD3B35 /* B5.webp in Resources */,
				96D30B7D29B1E1900018F750 /* Preview Assets.xcassets in Resources */,
				967ACB572A561B6900BD3B35 /* B19.webp in Resources */,
				969A63982A5537D900A7D378 /* A16.webp in Resources */,
				969A63B72A5537D900A7D378 /* A15.webp in Resources */,
				967ACBA32A5621CF00BD3B35 /* C3b.webp in Resources */,
				967ACBBE2A5621CF00BD3B35 /* C11b.webp in Resources */,
				967ACB792A561B6900BD3B35 /* B12.webp in Resources */,
				967ACBA22A5621CF00BD3B35 /* C4c.webp in Resources */,
				967ACBAD2A5621CF00BD3B35 /* C7b.webp in Resources */,
				967ACB652A561B6900BD3B35 /* B16.webp in Resources */,
				967ACB5E2A561B6900BD3B35 /* B6.webp in Resources */,
				969A63B62A5537D900A7D378 /* A6a.webp in Resources */,
				969A63B52A5537D900A7D378 /* A32a.webp in Resources */,
				969A63AE2A5537D900A7D378 /* A1b.webp in Resources */,
				967ACB742A561B6900BD3B35 /* B26.webp in Resources */,
				969A63AC2A5537D900A7D378 /* A14.webp in Resources */,
				967ACB6A2A561B6900BD3B35 /* B1.webp in Resources */,
				967ACB5D2A561B6900BD3B35 /* B3.webp in Resources */,
				967ACBB52A5621CF00BD3B35 /* C1.webp in Resources */,
				969A63CE2A55EA5900A7D378 /* A12c.webp in Resources */,
				967ACBA12A5621CF00BD3B35 /* C4b.webp in Resources */,
				967ACB722A561B6900BD3B35 /* B29.webp in Resources */,
				967ACB2C2A56049000BD3B35 /* P4.webp in Resources */,
				969A63BB2A5537D900A7D378 /* A10.webp in Resources */,
				964D0BBA29DF3EFE008ED31C /* Roboto-Black.ttf in Resources */,
				967ACB2B2A56049000BD3B35 /* P5.webp in Resources */,
				964D0BB729DF3EFE008ED31C /* Roboto-Light.ttf in Resources */,
				967ACB6D2A561B6900BD3B35 /* B18.webp in Resources */,
				967ACBC02A5621CF00BD3B35 /* C2a.webp in Resources */,
				967ACB762A561B6900BD3B35 /* B30.webp in Resources */,
				969A63972A5537D900A7D378 /* A13.webp in Resources */,
				969A63A12A5537D900A7D378 /* A9.webp in Resources */,
				967ACBB82A5621CF00BD3B35 /* C14b.webp in Resources */,
				967ACB772A561B6900BD3B35 /* B34.webp in Resources */,
				969A639F2A5537D900A7D378 /* A32b.webp in Resources */,
				967ACBB42A5621CF00BD3B35 /* C15a.webp in Resources */,
				967ACBA02A5621CF00BD3B35 /* C13b.webp in Resources */,
				967ACBB92A5621CF00BD3B35 /* C2e.webp in Resources */,
				969A63AA2A5537D900A7D378 /* A29.webp in Resources */,
				967ACBB22A5621CF00BD3B35 /* C14a.webp in Resources */,
				967ACB632A561B6900BD3B35 /* B21b.webp in Resources */,
				969A63A22A5537D900A7D378 /* A31c.webp in Resources */,
				969A63B92A5537D900A7D378 /* A4.webp in Resources */,
				967ACB612A561B6900BD3B35 /* B22a.webp in Resources */,
				964D0BBC29DF3EFE008ED31C /* Roboto-Regular.ttf in Resources */,
				967ACB602A561B6900BD3B35 /* B27.webp in Resources */,
				969A63BD2A5537D900A7D378 /* A2a.webp in Resources */,
				967ACB622A561B6900BD3B35 /* B28.webp in Resources */,
				967ACB7A2A561B6900BD3B35 /* B10.webp in Resources */,
				969A63BA2A5537D900A7D378 /* A12a.webp in Resources */,
				967ACB782A561B6900BD3B35 /* B24a.webp in Resources */,
				967ACB5B2A561B6900BD3B35 /* B20b.webp in Resources */,
				967ACB5A2A561B6900BD3B35 /* B33.webp in Resources */,
				969A63A82A5537D900A7D378 /* A8.webp in Resources */,
				969A63B02A5537D900A7D378 /* A33.webp in Resources */,
				967ACBBD2A5621CF00BD3B35 /* C5a.webp in Resources */,
				967ACBB62A5621CF00BD3B35 /* C6a.webp in Resources */,
				967ACBAF2A5621CF00BD3B35 /* C12b.webp in Resources */,
				969A63BE2A5537D900A7D378 /* A20.webp in Resources */,
				967ACB9F2A5621CF00BD3B35 /* C2c.webp in Resources */,
				967ACB592A561B6900BD3B35 /* B13.webp in Resources */,
				967ACB292A56049000BD3B35 /* P7.webp in Resources */,
				967ACBA62A5621CF00BD3B35 /* C10a.webp in Resources */,
				967ACBBB2A5621CF00BD3B35 /* C8b.webp in Resources */,
				969A63B12A5537D900A7D378 /* A17.webp in Resources */,
				967ACB732A561B6900BD3B35 /* B17.webp in Resources */,
				967ACB6E2A561B6900BD3B35 /* B20a.webp in Resources */,
				969A63AF2A5537D900A7D378 /* A27.webp in Resources */,
				967ACB7B2A561B6900BD3B35 /* B2.webp in Resources */,
				967ACB552A561B6900BD3B35 /* B9.webp in Resources */,
				969A63952A5537D900A7D378 /* A12b.webp in Resources */,
				969A63B22A5537D900A7D378 /* A24.webp in Resources */,
				967ACB5C2A561B6900BD3B35 /* B15.webp in Resources */,
				969A636A2A5537C600A7D378 /* A1a.webp in Resources */,
				969A63962A5537D900A7D378 /* A26.webp in Resources */,
				967ACB282A56049000BD3B35 /* P2.webp in Resources */,
				967ACB6C2A561B6900BD3B35 /* B7.webp in Resources */,
				967ACBAB2A5621CF00BD3B35 /* C15b.webp in Resources */,
				969A63B82A5537D900A7D378 /* A11.webp in Resources */,
				969A63992A5537D900A7D378 /* A28.webp in Resources */,
				967ACB5F2A561B6900BD3B35 /* B21a.webp in Resources */,
				969A63A72A5537D900A7D378 /* A5a.webp in Resources */,
				964D0BBB29DF3EFE008ED31C /* Roboto-Bold.ttf in Resources */,
				969A63AD2A5537D900A7D378 /* A3.webp in Resources */,
				967ACBAC2A5621CF00BD3B35 /* C9a.webp in Resources */,
				967ACBBA2A5621CF00BD3B35 /* C2d.webp in Resources */,
				967ACBA52A5621CF00BD3B35 /* C13a.webp in Resources */,
				967ACBA82A5621CF00BD3B35 /* C8a.webp in Resources */,
				967ACBB12A5621CF00BD3B35 /* C5b.webp in Resources */,
				969A63A92A5537D900A7D378 /* A19.webp in Resources */,
				969A63BC2A5537D900A7D378 /* A30.webp in Resources */,
				969A639B2A5537D900A7D378 /* A18.webp in Resources */,
				967ACB752A561B6900BD3B35 /* B14.webp in Resources */,
				967ACB662A561B6900BD3B35 /* B32.webp in Resources */,
				967ACBAA2A5621CF00BD3B35 /* C6b.webp in Resources */,
				967ACBB02A5621CF00BD3B35 /* C2b.webp in Resources */,
				969A63A62A5537D900A7D378 /* A5b.webp in Resources */,
				969A639E2A5537D900A7D378 /* A7a.webp in Resources */,
				967ACB692A561B6900BD3B35 /* B31.webp in Resources */,
				967ACB702A561B6900BD3B35 /* B8.webp in Resources */,
				967ACBAE2A5621CF00BD3B35 /* C3a.webp in Resources */,
				967ACB672A561B6900BD3B35 /* B30a.webp in Resources */,
				969A639A2A5537D900A7D378 /* A7b.webp in Resources */,
				96D30B7A29B1E1900018F750 /* Assets.xcassets in Resources */,
				969A63B42A5537D900A7D378 /* A31b.webp in Resources */,
				969A63B32A5537D900A7D378 /* A22.webp in Resources */,
			);
			runOnlyForDeploymentPostprocessing = 0;
		};
/* End PBXResourcesBuildPhase section */

/* Begin PBXSourcesBuildPhase section */
		96D30B6E29B1E18F0018F750 /* Sources */ = {
			isa = PBXSourcesBuildPhase;
			buildActionMask = 2147483647;
			files = (
				969638AE29D6C580009365C5 /* ContentItemView.swift in Sources */,
				96965E7329B7EC5F0094520F /* SettingsView.swift in Sources */,
				96965EBF29BCFB560094520F /* CatchYourCriminalView.swift in Sources */,
				96D30B8529B1E1BC0018F750 /* LibraryView.swift in Sources */,
				969638AC29D490A9009365C5 /* Group+CoreDataProperties.swift in Sources */,
				96847B8D2A5EB3BA0033D336 /* RecentItemModel.swift in Sources */,
				96965E9929B8CAA90094520F /* VersionModel.swift in Sources */,
				969638A329D4861D009365C5 /* ContentItem+CoreDataClass.swift in Sources */,
				96D30B7629B1E18F0018F750 /* KITT_testAppApp.swift in Sources */,
				96847B902A5F0FFF0033D336 /* GuideView.swift in Sources */,
				96965EC229BE768C0094520F /* CYCMenuView.swift in Sources */,
				96965E9F29B8CD090094520F /* NewsView.swift in Sources */,
				969F070C29D7594E0017FB99 /* ContentModel.swift in Sources */,
				96965E8329B8A3660094520F /* MailView.swift in Sources */,
				9619DC732A59E634006D479C /* CoreDataViewModel.swift in Sources */,
				96847B892A5E90CE0033D336 /* RecentListView.swift in Sources */,
				9660490D29B217AC00F64E55 /* ParagraphModel.swift in Sources */,
				96847B832A5BEE9D0033D336 /* ToolsView.swift in Sources */,
				969638A429D4861D009365C5 /* ContentItem+CoreDataProperties.swift in Sources */,
				96965EA329BB8D890094520F /* CustomBadgeView.swift in Sources */,
				96965E9C29B8CB830094520F /* Version+CoreDataClass.swift in Sources */,
				964D719429E1A254006155B0 /* FileModel.swift in Sources */,
				96965E8529B8A4860094520F /* SettingsController.swift in Sources */,
				9696388D29D4757F009365C5 /* SubGroupListView.swift in Sources */,
				964D0BBE29E00C95008ED31C /* ContentItemRowView.swift in Sources */,
				9660492B29B463B400F64E55 /* FilterModel.swift in Sources */,
				96847B862A5BEED40033D336 /* SchengenCalculatorView.swift in Sources */,
				96965EA129BB680F0094520F /* NetworkController.swift in Sources */,
				9660490629B1E7A600F64E55 /* KittDataModel.xcdatamodeld in Sources */,
				969F070A29D74BFF0017FB99 /* LinkModel.swift in Sources */,
				9660490329B1E75A00F64E55 /* DataController.swift in Sources */,
				9660492D29B4648500F64E55 /* FilterViewModel.swift in Sources */,
				969638AB29D490A9009365C5 /* Group+CoreDataClass.swift in Sources */,
				96847B8B2A5E92A80033D336 /* RecentViewModel.swift in Sources */,
				96965E9729B8C51C0094520F /* VersionController.swift in Sources */,
				964D719929F5C89E006155B0 /* UrlViewModel.swift in Sources */,
				96965E9D29B8CB830094520F /* Version+CoreDataProperties.swift in Sources */,
				96965E6F29B63AA30094520F /* SettingsModel.swift in Sources */,
				969638A829D48969009365C5 /* ItemModel.swift in Sources */,
				96847B942A6034150033D336 /* GuideViewModel.swift in Sources */,
				9660492F29B5308000F64E55 /* FiltersList.swift in Sources */,
				96D30B8929B1E2230018F750 /* JsonDataController.swift in Sources */,
				969F070829D745D30017FB99 /* SanctionModel.swift in Sources */,
				9660492929B247B600F64E55 /* FavoritesView.swift in Sources */,
				96A9EB2A29E1654600F10947 /* SubmenuView.swift in Sources */,
				9660492729B2476E00F64E55 /* MainView.swift in Sources */,
			);
			runOnlyForDeploymentPostprocessing = 0;
		};
/* End PBXSourcesBuildPhase section */

/* Begin XCBuildConfiguration section */
		96D30B7E29B1E1900018F750 /* Debug */ = {
			isa = XCBuildConfiguration;
			buildSettings = {
				ALWAYS_SEARCH_USER_PATHS = NO;
				ASSETCATALOG_COMPILER_ALTERNATE_APPICON_NAMES = "AppIcon AlternativeAppIconPink";
				ASSETCATALOG_COMPILER_INCLUDE_ALL_APPICON_ASSETS = YES;
				CLANG_ANALYZER_NONNULL = YES;
				CLANG_ANALYZER_NUMBER_OBJECT_CONVERSION = YES_AGGRESSIVE;
				CLANG_CXX_LANGUAGE_STANDARD = "gnu++20";
				CLANG_ENABLE_MODULES = YES;
				CLANG_ENABLE_OBJC_ARC = YES;
				CLANG_ENABLE_OBJC_WEAK = YES;
				CLANG_WARN_BLOCK_CAPTURE_AUTORELEASING = YES;
				CLANG_WARN_BOOL_CONVERSION = YES;
				CLANG_WARN_COMMA = YES;
				CLANG_WARN_CONSTANT_CONVERSION = YES;
				CLANG_WARN_DEPRECATED_OBJC_IMPLEMENTATIONS = YES;
				CLANG_WARN_DIRECT_OBJC_ISA_USAGE = YES_ERROR;
				CLANG_WARN_DOCUMENTATION_COMMENTS = YES;
				CLANG_WARN_EMPTY_BODY = YES;
				CLANG_WARN_ENUM_CONVERSION = YES;
				CLANG_WARN_INFINITE_RECURSION = YES;
				CLANG_WARN_INT_CONVERSION = YES;
				CLANG_WARN_NON_LITERAL_NULL_CONVERSION = YES;
				CLANG_WARN_OBJC_IMPLICIT_RETAIN_SELF = YES;
				CLANG_WARN_OBJC_LITERAL_CONVERSION = YES;
				CLANG_WARN_OBJC_ROOT_CLASS = YES_ERROR;
				CLANG_WARN_QUOTED_INCLUDE_IN_FRAMEWORK_HEADER = YES;
				CLANG_WARN_RANGE_LOOP_ANALYSIS = YES;
				CLANG_WARN_STRICT_PROTOTYPES = YES;
				CLANG_WARN_SUSPICIOUS_MOVE = YES;
				CLANG_WARN_UNGUARDED_AVAILABILITY = YES_AGGRESSIVE;
				CLANG_WARN_UNREACHABLE_CODE = YES;
				CLANG_WARN__DUPLICATE_METHOD_MATCH = YES;
				COPY_PHASE_STRIP = NO;
				DEBUG_INFORMATION_FORMAT = dwarf;
				ENABLE_STRICT_OBJC_MSGSEND = YES;
				ENABLE_TESTABILITY = YES;
				GCC_C_LANGUAGE_STANDARD = gnu11;
				GCC_DYNAMIC_NO_PIC = NO;
				GCC_NO_COMMON_BLOCKS = YES;
				GCC_OPTIMIZATION_LEVEL = 0;
				GCC_PREPROCESSOR_DEFINITIONS = (
					"DEBUG=1",
					"$(inherited)",
				);
				GCC_WARN_64_TO_32_BIT_CONVERSION = YES;
				GCC_WARN_ABOUT_RETURN_TYPE = YES_ERROR;
				GCC_WARN_UNDECLARED_SELECTOR = YES;
				GCC_WARN_UNINITIALIZED_AUTOS = YES_AGGRESSIVE;
				GCC_WARN_UNUSED_FUNCTION = YES;
				GCC_WARN_UNUSED_VARIABLE = YES;
				IPHONEOS_DEPLOYMENT_TARGET = 16.2;
				MTL_ENABLE_DEBUG_INFO = INCLUDE_SOURCE;
				MTL_FAST_MATH = YES;
				ONLY_ACTIVE_ARCH = YES;
				SDKROOT = iphoneos;
				SWIFT_ACTIVE_COMPILATION_CONDITIONS = DEBUG;
				SWIFT_OPTIMIZATION_LEVEL = "-Onone";
			};
			name = Debug;
		};
		96D30B7F29B1E1900018F750 /* Release */ = {
			isa = XCBuildConfiguration;
			buildSettings = {
				ALWAYS_SEARCH_USER_PATHS = NO;
				ASSETCATALOG_COMPILER_ALTERNATE_APPICON_NAMES = "AppIcon AlternativeAppIconPink";
				ASSETCATALOG_COMPILER_INCLUDE_ALL_APPICON_ASSETS = YES;
				CLANG_ANALYZER_NONNULL = YES;
				CLANG_ANALYZER_NUMBER_OBJECT_CONVERSION = YES_AGGRESSIVE;
				CLANG_CXX_LANGUAGE_STANDARD = "gnu++20";
				CLANG_ENABLE_MODULES = YES;
				CLANG_ENABLE_OBJC_ARC = YES;
				CLANG_ENABLE_OBJC_WEAK = YES;
				CLANG_WARN_BLOCK_CAPTURE_AUTORELEASING = YES;
				CLANG_WARN_BOOL_CONVERSION = YES;
				CLANG_WARN_COMMA = YES;
				CLANG_WARN_CONSTANT_CONVERSION = YES;
				CLANG_WARN_DEPRECATED_OBJC_IMPLEMENTATIONS = YES;
				CLANG_WARN_DIRECT_OBJC_ISA_USAGE = YES_ERROR;
				CLANG_WARN_DOCUMENTATION_COMMENTS = YES;
				CLANG_WARN_EMPTY_BODY = YES;
				CLANG_WARN_ENUM_CONVERSION = YES;
				CLANG_WARN_INFINITE_RECURSION = YES;
				CLANG_WARN_INT_CONVERSION = YES;
				CLANG_WARN_NON_LITERAL_NULL_CONVERSION = YES;
				CLANG_WARN_OBJC_IMPLICIT_RETAIN_SELF = YES;
				CLANG_WARN_OBJC_LITERAL_CONVERSION = YES;
				CLANG_WARN_OBJC_ROOT_CLASS = YES_ERROR;
				CLANG_WARN_QUOTED_INCLUDE_IN_FRAMEWORK_HEADER = YES;
				CLANG_WARN_RANGE_LOOP_ANALYSIS = YES;
				CLANG_WARN_STRICT_PROTOTYPES = YES;
				CLANG_WARN_SUSPICIOUS_MOVE = YES;
				CLANG_WARN_UNGUARDED_AVAILABILITY = YES_AGGRESSIVE;
				CLANG_WARN_UNREACHABLE_CODE = YES;
				CLANG_WARN__DUPLICATE_METHOD_MATCH = YES;
				COPY_PHASE_STRIP = NO;
				DEBUG_INFORMATION_FORMAT = "dwarf-with-dsym";
				ENABLE_NS_ASSERTIONS = NO;
				ENABLE_STRICT_OBJC_MSGSEND = YES;
				GCC_C_LANGUAGE_STANDARD = gnu11;
				GCC_NO_COMMON_BLOCKS = YES;
				GCC_WARN_64_TO_32_BIT_CONVERSION = YES;
				GCC_WARN_ABOUT_RETURN_TYPE = YES_ERROR;
				GCC_WARN_UNDECLARED_SELECTOR = YES;
				GCC_WARN_UNINITIALIZED_AUTOS = YES_AGGRESSIVE;
				GCC_WARN_UNUSED_FUNCTION = YES;
				GCC_WARN_UNUSED_VARIABLE = YES;
				IPHONEOS_DEPLOYMENT_TARGET = 16.2;
				MTL_ENABLE_DEBUG_INFO = NO;
				MTL_FAST_MATH = YES;
				SDKROOT = iphoneos;
				SWIFT_COMPILATION_MODE = wholemodule;
				SWIFT_OPTIMIZATION_LEVEL = "-O";
				VALIDATE_PRODUCT = YES;
			};
			name = Release;
		};
		96D30B8129B1E1900018F750 /* Debug */ = {
			isa = XCBuildConfiguration;
			baseConfigurationReference = 96965E7729B87D880094520F /* Debug.xcconfig */;
			buildSettings = {
				ASSETCATALOG_COMPILER_APPICON_NAME = AppIcon;
				ASSETCATALOG_COMPILER_GLOBAL_ACCENT_COLOR_NAME = AccentColor;
				CODE_SIGN_STYLE = Automatic;
				CURRENT_PROJECT_VERSION = 1.5.1;
				DEVELOPMENT_ASSET_PATHS = "\"KITT-testApp/Preview Content\"";
				DEVELOPMENT_TEAM = Q795WXF4MM;
				ENABLE_PREVIEWS = YES;
				GENERATE_INFOPLIST_FILE = YES;
				INFOPLIST_FILE = "KITT-testApp/Info.plist";
				INFOPLIST_KEY_CFBundleDisplayName = KITT;
				INFOPLIST_KEY_LSApplicationCategoryType = "public.app-category.education";
				INFOPLIST_KEY_UIApplicationSceneManifest_Generation = YES;
				INFOPLIST_KEY_UIApplicationSupportsIndirectInputEvents = YES;
				INFOPLIST_KEY_UILaunchScreen_Generation = YES;
				INFOPLIST_KEY_UILaunchStoryboardName = LaunchScreen.storyboard;
				INFOPLIST_KEY_UIStatusBarHidden = NO;
				INFOPLIST_KEY_UIStatusBarStyle = UIStatusBarStyleDarkContent;
				INFOPLIST_KEY_UISupportedInterfaceOrientations = UIInterfaceOrientationPortrait;
				INFOPLIST_KEY_UISupportedInterfaceOrientations_iPad = "UIInterfaceOrientationPortrait UIInterfaceOrientationPortraitUpsideDown";
				IPHONEOS_DEPLOYMENT_TARGET = 16.0;
				LD_RUNPATH_SEARCH_PATHS = (
					"$(inherited)",
					"@executable_path/Frameworks",
				);
				MARKETING_VERSION = 1.6.15;
				PRODUCT_BUNDLE_IDENTIFIER = "rjwannabefit.KITT-testApp";
				PRODUCT_NAME = "$(TARGET_NAME)";
				SUPPORTED_PLATFORMS = "iphoneos iphonesimulator";
				SUPPORTS_MACCATALYST = NO;
				SUPPORTS_MAC_DESIGNED_FOR_IPHONE_IPAD = YES;
				SWIFT_EMIT_LOC_STRINGS = YES;
				SWIFT_VERSION = 5.0;
				TARGETED_DEVICE_FAMILY = 1;
			};
			name = Debug;
		};
		96D30B8229B1E1900018F750 /* Release */ = {
			isa = XCBuildConfiguration;
			baseConfigurationReference = 96965E7929B87D9D0094520F /* Release.xcconfig */;
			buildSettings = {
				ASSETCATALOG_COMPILER_APPICON_NAME = AppIcon;
				ASSETCATALOG_COMPILER_GLOBAL_ACCENT_COLOR_NAME = AccentColor;
				CODE_SIGN_STYLE = Automatic;
				CURRENT_PROJECT_VERSION = 1.5.1;
				DEVELOPMENT_ASSET_PATHS = "\"KITT-testApp/Preview Content\"";
				DEVELOPMENT_TEAM = Q795WXF4MM;
				ENABLE_PREVIEWS = YES;
				GENERATE_INFOPLIST_FILE = YES;
				INFOPLIST_FILE = "KITT-testApp/Info.plist";
				INFOPLIST_KEY_CFBundleDisplayName = KITT;
				INFOPLIST_KEY_LSApplicationCategoryType = "public.app-category.education";
				INFOPLIST_KEY_UIApplicationSceneManifest_Generation = YES;
				INFOPLIST_KEY_UIApplicationSupportsIndirectInputEvents = YES;
				INFOPLIST_KEY_UILaunchScreen_Generation = YES;
				INFOPLIST_KEY_UILaunchStoryboardName = LaunchScreen.storyboard;
				INFOPLIST_KEY_UIStatusBarHidden = NO;
				INFOPLIST_KEY_UIStatusBarStyle = UIStatusBarStyleDarkContent;
				INFOPLIST_KEY_UISupportedInterfaceOrientations = UIInterfaceOrientationPortrait;
				INFOPLIST_KEY_UISupportedInterfaceOrientations_iPad = "UIInterfaceOrientationPortrait UIInterfaceOrientationPortraitUpsideDown";
				IPHONEOS_DEPLOYMENT_TARGET = 16.0;
				LD_RUNPATH_SEARCH_PATHS = (
					"$(inherited)",
					"@executable_path/Frameworks",
				);
				MARKETING_VERSION = 1.6.15;
				PRODUCT_BUNDLE_IDENTIFIER = "rjwannabefit.KITT-testApp";
				PRODUCT_NAME = "$(TARGET_NAME)";
				SUPPORTED_PLATFORMS = "iphoneos iphonesimulator";
				SUPPORTS_MACCATALYST = NO;
				SUPPORTS_MAC_DESIGNED_FOR_IPHONE_IPAD = YES;
				SWIFT_EMIT_LOC_STRINGS = YES;
				SWIFT_VERSION = 5.0;
				TARGETED_DEVICE_FAMILY = 1;
			};
			name = Release;
		};
/* End XCBuildConfiguration section */

/* Begin XCConfigurationList section */
		96D30B6D29B1E18F0018F750 /* Build configuration list for PBXProject "KITT-testApp" */ = {
			isa = XCConfigurationList;
			buildConfigurations = (
				96D30B7E29B1E1900018F750 /* Debug */,
				96D30B7F29B1E1900018F750 /* Release */,
			);
			defaultConfigurationIsVisible = 0;
			defaultConfigurationName = Release;
		};
		96D30B8029B1E1900018F750 /* Build configuration list for PBXNativeTarget "KITT-testApp" */ = {
			isa = XCConfigurationList;
			buildConfigurations = (
				96D30B8129B1E1900018F750 /* Debug */,
				96D30B8229B1E1900018F750 /* Release */,
			);
			defaultConfigurationIsVisible = 0;
			defaultConfigurationName = Release;
		};
/* End XCConfigurationList section */

/* Begin XCVersionGroup section */
		9660490429B1E7A600F64E55 /* KittDataModel.xcdatamodeld */ = {
			isa = XCVersionGroup;
			children = (
				96847B872A5E8C2C0033D336 /* KittDataModel UpdateV 3.xcdatamodel */,
				9696388E29D47C23009365C5 /* KittDataModel UpdateV2.xcdatamodel */,
				96B498D529C4195300883BFA /* KittDataModel AddWarningAndMiranda.xcdatamodel */,
				9660490529B1E7A600F64E55 /* KittDataModel.xcdatamodel */,
			);
			currentVersion = 96847B872A5E8C2C0033D336 /* KittDataModel UpdateV 3.xcdatamodel */;
			path = KittDataModel.xcdatamodeld;
			sourceTree = "<group>";
			versionGroupType = wrapper.xcdatamodel;
		};
/* End XCVersionGroup section */
	};
	rootObject = 96D30B6A29B1E18F0018F750 /* Project object */;
}
